// !$*UTF8*$!
{
	archiveVersion = 1;
	classes = {
	};
	objectVersion = 46;
	objects = {

/* Begin PBXBuildFile section */
		050A789E16D4E8A50055B742 /* QuartzCore.framework in Frameworks */ = {isa = PBXBuildFile; fileRef = 050A789D16D4E8A50055B742 /* QuartzCore.framework */; };
		050A78A216D4EFF90055B742 /* MessageUI.framework in Frameworks */ = {isa = PBXBuildFile; fileRef = 050A78A116D4EFF90055B742 /* MessageUI.framework */; };
		050A78A416D4F3720055B742 /* MobileCoreServices.framework in Frameworks */ = {isa = PBXBuildFile; fileRef = 050A78A316D4F3710055B742 /* MobileCoreServices.framework */; };
		050A78A716D50DB10055B742 /* UECAboutViewController.m in Sources */ = {isa = PBXBuildFile; fileRef = 050A78A616D50DB00055B742 /* UECAboutViewController.m */; };
		050A78AC16D50F070055B742 /* DummySponsor.plist in Resources */ = {isa = PBXBuildFile; fileRef = 050A78AB16D50F070055B742 /* DummySponsor.plist */; };
		051B3D4E16C5695A007BAB12 /* DummyNewsArticle.plist in Resources */ = {isa = PBXBuildFile; fileRef = 051B3D4D16C5695A007BAB12 /* DummyNewsArticle.plist */; };
		051B3D5116C56C08007BAB12 /* UECNewsArticleCell.m in Sources */ = {isa = PBXBuildFile; fileRef = 051B3D5016C56C08007BAB12 /* UECNewsArticleCell.m */; };
		051B3D5716C5775F007BAB12 /* NSDate+Formatter.m in Sources */ = {isa = PBXBuildFile; fileRef = 051B3D5616C5775F007BAB12 /* NSDate+Formatter.m */; };
		051B3D5916C581FB007BAB12 /* UECNewsArticleCell.xib in Resources */ = {isa = PBXBuildFile; fileRef = 051B3D5816C581FB007BAB12 /* UECNewsArticleCell.xib */; };
		052E749D180AA059008EA4E8 /* UECThemeResources.m in Sources */ = {isa = PBXBuildFile; fileRef = 052E749C180AA059008EA4E8 /* UECThemeResources.m */; };
		052E749E180AA059008EA4E8 /* UECThemeResources.m in Sources */ = {isa = PBXBuildFile; fileRef = 052E749C180AA059008EA4E8 /* UECThemeResources.m */; };
		052E74A1180AA384008EA4E8 /* UECNavigationBar.m in Sources */ = {isa = PBXBuildFile; fileRef = 052E74A0180AA384008EA4E8 /* UECNavigationBar.m */; };
		052E74A2180AA384008EA4E8 /* UECNavigationBar.m in Sources */ = {isa = PBXBuildFile; fileRef = 052E74A0180AA384008EA4E8 /* UECNavigationBar.m */; };
		052E74A5180AA615008EA4E8 /* UECMailManager.m in Sources */ = {isa = PBXBuildFile; fileRef = 052E74A4180AA615008EA4E8 /* UECMailManager.m */; };
		052E74A6180AA615008EA4E8 /* UECMailManager.m in Sources */ = {isa = PBXBuildFile; fileRef = 052E74A4180AA615008EA4E8 /* UECMailManager.m */; };
		0542FA9E16C2A85A00B327B7 /* UIKit.framework in Frameworks */ = {isa = PBXBuildFile; fileRef = 0542FA9D16C2A85A00B327B7 /* UIKit.framework */; };
		0542FAA016C2A85A00B327B7 /* Foundation.framework in Frameworks */ = {isa = PBXBuildFile; fileRef = 0542FA9F16C2A85A00B327B7 /* Foundation.framework */; };
		0542FAA216C2A85A00B327B7 /* CoreGraphics.framework in Frameworks */ = {isa = PBXBuildFile; fileRef = 0542FAA116C2A85A00B327B7 /* CoreGraphics.framework */; };
		0542FAA816C2A85A00B327B7 /* InfoPlist.strings in Resources */ = {isa = PBXBuildFile; fileRef = 0542FAA616C2A85A00B327B7 /* InfoPlist.strings */; };
		0542FAAA16C2A85A00B327B7 /* main.m in Sources */ = {isa = PBXBuildFile; fileRef = 0542FAA916C2A85A00B327B7 /* main.m */; };
		0542FAAE16C2A85A00B327B7 /* UECAppDelegate.m in Sources */ = {isa = PBXBuildFile; fileRef = 0542FAAD16C2A85A00B327B7 /* UECAppDelegate.m */; };
		0542FAB716C2A85A00B327B7 /* MainStoryboard_iPhone.storyboard in Resources */ = {isa = PBXBuildFile; fileRef = 0542FAB516C2A85A00B327B7 /* MainStoryboard_iPhone.storyboard */; };
		0542FABA16C2A85A00B327B7 /* MainStoryboard_iPad.storyboard in Resources */ = {isa = PBXBuildFile; fileRef = 0542FAB816C2A85A00B327B7 /* MainStoryboard_iPad.storyboard */; };
		0542FAD016C2A85A00B327B7 /* SenTestingKit.framework in Frameworks */ = {isa = PBXBuildFile; fileRef = 0542FACF16C2A85A00B327B7 /* SenTestingKit.framework */; };
		0542FAD116C2A85A00B327B7 /* UIKit.framework in Frameworks */ = {isa = PBXBuildFile; fileRef = 0542FA9D16C2A85A00B327B7 /* UIKit.framework */; };
		0542FAD216C2A85A00B327B7 /* Foundation.framework in Frameworks */ = {isa = PBXBuildFile; fileRef = 0542FA9F16C2A85A00B327B7 /* Foundation.framework */; };
		0542FADA16C2A85A00B327B7 /* InfoPlist.strings in Resources */ = {isa = PBXBuildFile; fileRef = 0542FAD816C2A85A00B327B7 /* InfoPlist.strings */; };
		0542FADD16C2A85A00B327B7 /* UECTests.m in Sources */ = {isa = PBXBuildFile; fileRef = 0542FADC16C2A85A00B327B7 /* UECTests.m */; };
		054A32A7170301000070D9A9 /* UECTorquesViewController.m in Sources */ = {isa = PBXBuildFile; fileRef = 054A32A6170301000070D9A9 /* UECTorquesViewController.m */; };
		054DBD6D1716C8A00026A7AE /* APSDataManager+UEC.m in Sources */ = {isa = PBXBuildFile; fileRef = 054DBD6C1716C8A00026A7AE /* APSDataManager+UEC.m */; };
		05517266180AB68A004F94C6 /* UECMediaCaptureManager.m in Sources */ = {isa = PBXBuildFile; fileRef = 05517265180AB68A004F94C6 /* UECMediaCaptureManager.m */; };
		05517267180AB68A004F94C6 /* UECMediaCaptureManager.m in Sources */ = {isa = PBXBuildFile; fileRef = 05517265180AB68A004F94C6 /* UECMediaCaptureManager.m */; };
		055323F716E2048E00C83C8D /* SystemConfiguration.framework in Frameworks */ = {isa = PBXBuildFile; fileRef = 055323F616E2048E00C83C8D /* SystemConfiguration.framework */; };
		055323FA16E20A2900C83C8D /* UECReachabilityManager.m in Sources */ = {isa = PBXBuildFile; fileRef = 055323F916E20A2900C83C8D /* UECReachabilityManager.m */; };
		055910D616C3AD7D00BF14D2 /* ImageIO.framework in Frameworks */ = {isa = PBXBuildFile; fileRef = 055910D516C3AD7D00BF14D2 /* ImageIO.framework */; };
		0559110716C3B44000BF14D2 /* NSDate+Helper.m in Sources */ = {isa = PBXBuildFile; fileRef = 0559110616C3B44000BF14D2 /* NSDate+Helper.m */; };
		0559110D16C3CACB00BF14D2 /* UEC.xcdatamodeld in Sources */ = {isa = PBXBuildFile; fileRef = 0559110B16C3CACB00BF14D2 /* UEC.xcdatamodeld */; };
		0559112216C3CF2500BF14D2 /* CoreData.framework in Frameworks */ = {isa = PBXBuildFile; fileRef = 0559112116C3CF2500BF14D2 /* CoreData.framework */; };
		0559112C16C3D4B400BF14D2 /* DummyEvent.plist in Resources */ = {isa = PBXBuildFile; fileRef = 0559112B16C3D4B400BF14D2 /* DummyEvent.plist */; };
		0559112F16C3D4F000BF14D2 /* APSDataManager.m in Sources */ = {isa = PBXBuildFile; fileRef = 0559112E16C3D4EF00BF14D2 /* APSDataManager.m */; };
		0559113116C3E6D200BF14D2 /* DummyPerson.plist in Resources */ = {isa = PBXBuildFile; fileRef = 0559113016C3E6D200BF14D2 /* DummyPerson.plist */; };
		0559113C16C3EDA900BF14D2 /* MappingDictionaries.plist in Resources */ = {isa = PBXBuildFile; fileRef = 0559113B16C3EDA900BF14D2 /* MappingDictionaries.plist */; };
		0559115016C3F91400BF14D2 /* ServerConnections.plist in Resources */ = {isa = PBXBuildFile; fileRef = 0559114F16C3F91400BF14D2 /* ServerConnections.plist */; };
		0559115716C41A6100BF14D2 /* gentleman.png in Resources */ = {isa = PBXBuildFile; fileRef = 0559115616C41A6100BF14D2 /* gentleman.png */; };
		057F6A5916E31BCF00F74752 /* DummyBend.plist in Resources */ = {isa = PBXBuildFile; fileRef = 057F6A5816E31BCF00F74752 /* DummyBend.plist */; };
		057F6A6616E32DB700F74752 /* UECPreviewItem.m in Sources */ = {isa = PBXBuildFile; fileRef = 057F6A6516E32DB700F74752 /* UECPreviewItem.m */; };
		057F6A6C16E3347D00F74752 /* UECTorqueCell.m in Sources */ = {isa = PBXBuildFile; fileRef = 057F6A6B16E3347D00F74752 /* UECTorqueCell.m */; };
		057F6A8C16E4449A00F74752 /* UECDownloadingCell.m in Sources */ = {isa = PBXBuildFile; fileRef = 057F6A8B16E4449A00F74752 /* UECDownloadingCell.m */; };
		057F6A9916E4555000F74752 /* UECAlertManager.m in Sources */ = {isa = PBXBuildFile; fileRef = 057F6A9816E4554F00F74752 /* UECAlertManager.m */; };
		058B12E9180A68E8002BFE55 /* AFHTTPRequestOperation.m in Sources */ = {isa = PBXBuildFile; fileRef = 058B12D7180A68E8002BFE55 /* AFHTTPRequestOperation.m */; };
		058B12EA180A68E8002BFE55 /* AFHTTPRequestOperation.m in Sources */ = {isa = PBXBuildFile; fileRef = 058B12D7180A68E8002BFE55 /* AFHTTPRequestOperation.m */; };
		058B12EB180A68E8002BFE55 /* AFHTTPRequestOperationManager.m in Sources */ = {isa = PBXBuildFile; fileRef = 058B12D9180A68E8002BFE55 /* AFHTTPRequestOperationManager.m */; };
		058B12EC180A68E8002BFE55 /* AFHTTPRequestOperationManager.m in Sources */ = {isa = PBXBuildFile; fileRef = 058B12D9180A68E8002BFE55 /* AFHTTPRequestOperationManager.m */; };
		058B12ED180A68E8002BFE55 /* AFHTTPSessionManager.m in Sources */ = {isa = PBXBuildFile; fileRef = 058B12DB180A68E8002BFE55 /* AFHTTPSessionManager.m */; };
		058B12EE180A68E8002BFE55 /* AFHTTPSessionManager.m in Sources */ = {isa = PBXBuildFile; fileRef = 058B12DB180A68E8002BFE55 /* AFHTTPSessionManager.m */; };
		058B12EF180A68E8002BFE55 /* AFNetworkReachabilityManager.m in Sources */ = {isa = PBXBuildFile; fileRef = 058B12DE180A68E8002BFE55 /* AFNetworkReachabilityManager.m */; };
		058B12F0180A68E8002BFE55 /* AFNetworkReachabilityManager.m in Sources */ = {isa = PBXBuildFile; fileRef = 058B12DE180A68E8002BFE55 /* AFNetworkReachabilityManager.m */; };
		058B12F1180A68E8002BFE55 /* AFSecurityPolicy.m in Sources */ = {isa = PBXBuildFile; fileRef = 058B12E0180A68E8002BFE55 /* AFSecurityPolicy.m */; };
		058B12F2180A68E8002BFE55 /* AFSecurityPolicy.m in Sources */ = {isa = PBXBuildFile; fileRef = 058B12E0180A68E8002BFE55 /* AFSecurityPolicy.m */; };
		058B12F3180A68E8002BFE55 /* AFURLConnectionOperation.m in Sources */ = {isa = PBXBuildFile; fileRef = 058B12E2180A68E8002BFE55 /* AFURLConnectionOperation.m */; };
		058B12F4180A68E8002BFE55 /* AFURLConnectionOperation.m in Sources */ = {isa = PBXBuildFile; fileRef = 058B12E2180A68E8002BFE55 /* AFURLConnectionOperation.m */; };
		058B12F5180A68E8002BFE55 /* AFURLRequestSerialization.m in Sources */ = {isa = PBXBuildFile; fileRef = 058B12E4180A68E8002BFE55 /* AFURLRequestSerialization.m */; };
		058B12F6180A68E8002BFE55 /* AFURLRequestSerialization.m in Sources */ = {isa = PBXBuildFile; fileRef = 058B12E4180A68E8002BFE55 /* AFURLRequestSerialization.m */; };
		058B12F7180A68E8002BFE55 /* AFURLResponseSerialization.m in Sources */ = {isa = PBXBuildFile; fileRef = 058B12E6180A68E8002BFE55 /* AFURLResponseSerialization.m */; };
		058B12F8180A68E8002BFE55 /* AFURLResponseSerialization.m in Sources */ = {isa = PBXBuildFile; fileRef = 058B12E6180A68E8002BFE55 /* AFURLResponseSerialization.m */; };
		058B12F9180A68E8002BFE55 /* AFURLSessionManager.m in Sources */ = {isa = PBXBuildFile; fileRef = 058B12E8180A68E8002BFE55 /* AFURLSessionManager.m */; };
		058B12FA180A68E8002BFE55 /* AFURLSessionManager.m in Sources */ = {isa = PBXBuildFile; fileRef = 058B12E8180A68E8002BFE55 /* AFURLSessionManager.m */; };
		0592D83E17178FB500DB83C8 /* UECVersionInfoViewController.m in Sources */ = {isa = PBXBuildFile; fileRef = 0592D83D17178FB400DB83C8 /* UECVersionInfoViewController.m */; };
		0592D846171799F900DB83C8 /* Localizable.strings in Resources */ = {isa = PBXBuildFile; fileRef = 0592D845171799F900DB83C8 /* Localizable.strings */; };
		0593169516CD2AF2006B0845 /* CoreDataTableViewController.m in Sources */ = {isa = PBXBuildFile; fileRef = 0593169416CD2AF2006B0845 /* CoreDataTableViewController.m */; };
		05ABF04716D4BDF70090BC4C /* UECCommitteeMemberCell.m in Sources */ = {isa = PBXBuildFile; fileRef = 05ABF04616D4BDF70090BC4C /* UECCommitteeMemberCell.m */; };
		05B34B50180A90B0008A0182 /* libTestFlight.a in Frameworks */ = {isa = PBXBuildFile; fileRef = 05B34B4A180A90B0008A0182 /* libTestFlight.a */; };
		05B34B51180A90B0008A0182 /* README.md in Resources */ = {isa = PBXBuildFile; fileRef = 05B34B4B180A90B0008A0182 /* README.md */; };
		05B34B52180A90B0008A0182 /* release_notes.md in Resources */ = {isa = PBXBuildFile; fileRef = 05B34B4C180A90B0008A0182 /* release_notes.md */; };
		05B34B54180A90E1008A0182 /* Security.framework in Frameworks */ = {isa = PBXBuildFile; fileRef = 05B34B53180A90E1008A0182 /* Security.framework */; };
		05B395E1180BA7EC00037F1E /* SDWebImage.framework in Frameworks */ = {isa = PBXBuildFile; fileRef = 05B395E0180BA7EC00037F1E /* SDWebImage.framework */; };
		05B395E2180BA7EC00037F1E /* SDWebImage.framework in Frameworks */ = {isa = PBXBuildFile; fileRef = 05B395E0180BA7EC00037F1E /* SDWebImage.framework */; };
		05B5C3EA16CF3B73009A75F6 /* UECCommitteeMemberViewController.m in Sources */ = {isa = PBXBuildFile; fileRef = 05B5C3E916CF3B73009A75F6 /* UECCommitteeMemberViewController.m */; };
		05B76D3C16C4FAA400CECDF6 /* UIImage+Resize.m in Sources */ = {isa = PBXBuildFile; fileRef = 05B76D3B16C4FAA400CECDF6 /* UIImage+Resize.m */; };
		05B9423E1717F85D00A100A1 /* Event.m in Sources */ = {isa = PBXBuildFile; fileRef = 05B9423D1717F85D00A100A1 /* Event.m */; };
		05B942441717F85E00A100A1 /* Person.m in Sources */ = {isa = PBXBuildFile; fileRef = 05B942431717F85E00A100A1 /* Person.m */; };
		05B942471717F85E00A100A1 /* NewsArticle.m in Sources */ = {isa = PBXBuildFile; fileRef = 05B942461717F85E00A100A1 /* NewsArticle.m */; };
		05B9424A1717F85E00A100A1 /* Torque.m in Sources */ = {isa = PBXBuildFile; fileRef = 05B942491717F85E00A100A1 /* Torque.m */; };
		05B9424D1717F85E00A100A1 /* Sponsor.m in Sources */ = {isa = PBXBuildFile; fileRef = 05B9424C1717F85E00A100A1 /* Sponsor.m */; };
		05BC868316D7C02B00FA6C6F /* QuickLook.framework in Frameworks */ = {isa = PBXBuildFile; fileRef = 05BC868216D7C02B00FA6C6F /* QuickLook.framework */; };
		05BCDC7A16E774B000AA0FA2 /* UECNewsArticlesViewController.m in Sources */ = {isa = PBXBuildFile; fileRef = 05BCDC7916E774B000AA0FA2 /* UECNewsArticlesViewController.m */; };
		05BCDC8716E7802100AA0FA2 /* DummyTorque.plist in Resources */ = {isa = PBXBuildFile; fileRef = 05BCDC8616E7802100AA0FA2 /* DummyTorque.plist */; };
		05C18F461717892600CA2430 /* UECAboutAppViewController.m in Sources */ = {isa = PBXBuildFile; fileRef = 05C18F451717892600CA2430 /* UECAboutAppViewController.m */; };
		05CB950A16D9EF90004EFAFB /* DummyAboutUEC.plist in Resources */ = {isa = PBXBuildFile; fileRef = 05CB950916D9EF90004EFAFB /* DummyAboutUEC.plist */; };
		05D1A576180A5EA300091BAA /* Images.xcassets in Resources */ = {isa = PBXBuildFile; fileRef = 05D1A575180A5EA300091BAA /* Images.xcassets */; };
		05D1C52E16DE1BE900D87BA0 /* MapKit.framework in Frameworks */ = {isa = PBXBuildFile; fileRef = 05D1C52D16DE1BE900D87BA0 /* MapKit.framework */; };
		05D1C53316DE1BEE00D87BA0 /* EventKit.framework in Frameworks */ = {isa = PBXBuildFile; fileRef = 05D1C53216DE1BEE00D87BA0 /* EventKit.framework */; };
		05D1C53616DE1C1D00D87BA0 /* UECEventDetailViewController.m in Sources */ = {isa = PBXBuildFile; fileRef = 05D1C53516DE1C1D00D87BA0 /* UECEventDetailViewController.m */; };
		05D1C53A16DE1C3700D87BA0 /* UECMapViewController.m in Sources */ = {isa = PBXBuildFile; fileRef = 05D1C53916DE1C3700D87BA0 /* UECMapViewController.m */; };
		05D1C53D16DE1DB300D87BA0 /* UECEventCell.m in Sources */ = {isa = PBXBuildFile; fileRef = 05D1C53C16DE1DB300D87BA0 /* UECEventCell.m */; };
		05D1C54016DE3A3700D87BA0 /* CoreLocation.framework in Frameworks */ = {isa = PBXBuildFile; fileRef = 05D1C53F16DE3A3700D87BA0 /* CoreLocation.framework */; };
		05D250B41716D4CD003177ED /* libz.dylib in Frameworks */ = {isa = PBXBuildFile; fileRef = 05D250B31716D4CD003177ED /* libz.dylib */; };
		05DD22D116C2B73200CF18F0 /* UECCommitteeViewController.m in Sources */ = {isa = PBXBuildFile; fileRef = 05DD22D016C2B73200CF18F0 /* UECCommitteeViewController.m */; };
		05F9177516C74A2700B1BCE1 /* NSManagedObject+Appulse.m in Sources */ = {isa = PBXBuildFile; fileRef = 05F9177416C74A2700B1BCE1 /* NSManagedObject+Appulse.m */; };
		05F9177D16C7648400B1BCE1 /* UECArticleViewController.m in Sources */ = {isa = PBXBuildFile; fileRef = 05F9177C16C7648400B1BCE1 /* UECArticleViewController.m */; };
		05F9178916C7780200B1BCE1 /* UECActivity.m in Sources */ = {isa = PBXBuildFile; fileRef = 05F9178816C7780200B1BCE1 /* UECActivity.m */; };
		05FB0ADF16C7B57800D91F9C /* UECCalendarListViewController.m in Sources */ = {isa = PBXBuildFile; fileRef = 05FB0ADE16C7B57800D91F9C /* UECCalendarListViewController.m */; };
		05FDB27F16F0B5C0008DAA8A /* UECThemeManager.m in Sources */ = {isa = PBXBuildFile; fileRef = 05FDB27E16F0B5C0008DAA8A /* UECThemeManager.m */; };
		05FDB28016F0B5C0008DAA8A /* UECThemeManager.m in Sources */ = {isa = PBXBuildFile; fileRef = 05FDB27E16F0B5C0008DAA8A /* UECThemeManager.m */; };
/* End PBXBuildFile section */

/* Begin PBXContainerItemProxy section */
		0542FAD316C2A85A00B327B7 /* PBXContainerItemProxy */ = {
			isa = PBXContainerItemProxy;
			containerPortal = 0542FA9216C2A85A00B327B7 /* Project object */;
			proxyType = 1;
			remoteGlobalIDString = 0542FA9916C2A85A00B327B7;
			remoteInfo = UEC;
		};
/* End PBXContainerItemProxy section */

/* Begin PBXFileReference section */
		0507189316CA971300208110 /* UEC 4.xcdatamodel */ = {isa = PBXFileReference; lastKnownFileType = wrapper.xcdatamodel; path = "UEC 4.xcdatamodel"; sourceTree = "<group>"; };
		050A789D16D4E8A50055B742 /* QuartzCore.framework */ = {isa = PBXFileReference; lastKnownFileType = wrapper.framework; name = QuartzCore.framework; path = System/Library/Frameworks/QuartzCore.framework; sourceTree = SDKROOT; };
		050A78A116D4EFF90055B742 /* MessageUI.framework */ = {isa = PBXFileReference; lastKnownFileType = wrapper.framework; name = MessageUI.framework; path = System/Library/Frameworks/MessageUI.framework; sourceTree = SDKROOT; };
		050A78A316D4F3710055B742 /* MobileCoreServices.framework */ = {isa = PBXFileReference; lastKnownFileType = wrapper.framework; name = MobileCoreServices.framework; path = System/Library/Frameworks/MobileCoreServices.framework; sourceTree = SDKROOT; };
		050A78A516D50DB00055B742 /* UECAboutViewController.h */ = {isa = PBXFileReference; fileEncoding = 4; lastKnownFileType = sourcecode.c.h; path = UECAboutViewController.h; sourceTree = "<group>"; };
		050A78A616D50DB00055B742 /* UECAboutViewController.m */ = {isa = PBXFileReference; fileEncoding = 4; lastKnownFileType = sourcecode.c.objc; path = UECAboutViewController.m; sourceTree = "<group>"; };
		050A78AB16D50F070055B742 /* DummySponsor.plist */ = {isa = PBXFileReference; fileEncoding = 4; lastKnownFileType = text.plist.xml; path = DummySponsor.plist; sourceTree = "<group>"; };
		051B3D4D16C5695A007BAB12 /* DummyNewsArticle.plist */ = {isa = PBXFileReference; fileEncoding = 4; lastKnownFileType = text.plist.xml; path = DummyNewsArticle.plist; sourceTree = "<group>"; };
		051B3D4F16C56C08007BAB12 /* UECNewsArticleCell.h */ = {isa = PBXFileReference; fileEncoding = 4; lastKnownFileType = sourcecode.c.h; path = UECNewsArticleCell.h; sourceTree = "<group>"; };
		051B3D5016C56C08007BAB12 /* UECNewsArticleCell.m */ = {isa = PBXFileReference; fileEncoding = 4; lastKnownFileType = sourcecode.c.objc; path = UECNewsArticleCell.m; sourceTree = "<group>"; };
		051B3D5516C5775F007BAB12 /* NSDate+Formatter.h */ = {isa = PBXFileReference; fileEncoding = 4; lastKnownFileType = sourcecode.c.h; path = "NSDate+Formatter.h"; sourceTree = "<group>"; };
		051B3D5616C5775F007BAB12 /* NSDate+Formatter.m */ = {isa = PBXFileReference; fileEncoding = 4; lastKnownFileType = sourcecode.c.objc; path = "NSDate+Formatter.m"; sourceTree = "<group>"; };
		051B3D5816C581FB007BAB12 /* UECNewsArticleCell.xib */ = {isa = PBXFileReference; fileEncoding = 4; lastKnownFileType = file.xib; path = UECNewsArticleCell.xib; sourceTree = "<group>"; };
		051D2D4F16C565E100C042FE /* UEC 2.xcdatamodel */ = {isa = PBXFileReference; lastKnownFileType = wrapper.xcdatamodel; path = "UEC 2.xcdatamodel"; sourceTree = "<group>"; };
		052E749B180AA059008EA4E8 /* UECThemeResources.h */ = {isa = PBXFileReference; fileEncoding = 4; lastKnownFileType = sourcecode.c.h; path = UECThemeResources.h; sourceTree = "<group>"; };
		052E749C180AA059008EA4E8 /* UECThemeResources.m */ = {isa = PBXFileReference; fileEncoding = 4; lastKnownFileType = sourcecode.c.objc; path = UECThemeResources.m; sourceTree = "<group>"; };
		052E749F180AA384008EA4E8 /* UECNavigationBar.h */ = {isa = PBXFileReference; fileEncoding = 4; lastKnownFileType = sourcecode.c.h; path = UECNavigationBar.h; sourceTree = "<group>"; };
		052E74A0180AA384008EA4E8 /* UECNavigationBar.m */ = {isa = PBXFileReference; fileEncoding = 4; lastKnownFileType = sourcecode.c.objc; path = UECNavigationBar.m; sourceTree = "<group>"; };
		052E74A3180AA615008EA4E8 /* UECMailManager.h */ = {isa = PBXFileReference; fileEncoding = 4; lastKnownFileType = sourcecode.c.h; path = UECMailManager.h; sourceTree = "<group>"; };
		052E74A4180AA615008EA4E8 /* UECMailManager.m */ = {isa = PBXFileReference; fileEncoding = 4; lastKnownFileType = sourcecode.c.objc; path = UECMailManager.m; sourceTree = "<group>"; };
		0542FA9A16C2A85A00B327B7 /* UEC.app */ = {isa = PBXFileReference; explicitFileType = wrapper.application; includeInIndex = 0; path = UEC.app; sourceTree = BUILT_PRODUCTS_DIR; };
		0542FA9D16C2A85A00B327B7 /* UIKit.framework */ = {isa = PBXFileReference; lastKnownFileType = wrapper.framework; name = UIKit.framework; path = System/Library/Frameworks/UIKit.framework; sourceTree = SDKROOT; };
		0542FA9F16C2A85A00B327B7 /* Foundation.framework */ = {isa = PBXFileReference; lastKnownFileType = wrapper.framework; name = Foundation.framework; path = System/Library/Frameworks/Foundation.framework; sourceTree = SDKROOT; };
		0542FAA116C2A85A00B327B7 /* CoreGraphics.framework */ = {isa = PBXFileReference; lastKnownFileType = wrapper.framework; name = CoreGraphics.framework; path = System/Library/Frameworks/CoreGraphics.framework; sourceTree = SDKROOT; };
		0542FAA516C2A85A00B327B7 /* UEC-Info.plist */ = {isa = PBXFileReference; lastKnownFileType = text.plist.xml; path = "UEC-Info.plist"; sourceTree = "<group>"; };
		0542FAA716C2A85A00B327B7 /* en */ = {isa = PBXFileReference; lastKnownFileType = text.plist.strings; name = en; path = en.lproj/InfoPlist.strings; sourceTree = "<group>"; };
		0542FAA916C2A85A00B327B7 /* main.m */ = {isa = PBXFileReference; lastKnownFileType = sourcecode.c.objc; path = main.m; sourceTree = "<group>"; };
		0542FAAB16C2A85A00B327B7 /* UEC-Prefix.pch */ = {isa = PBXFileReference; lastKnownFileType = sourcecode.c.h; path = "UEC-Prefix.pch"; sourceTree = "<group>"; };
		0542FAAC16C2A85A00B327B7 /* UECAppDelegate.h */ = {isa = PBXFileReference; lastKnownFileType = sourcecode.c.h; path = UECAppDelegate.h; sourceTree = "<group>"; };
		0542FAAD16C2A85A00B327B7 /* UECAppDelegate.m */ = {isa = PBXFileReference; lastKnownFileType = sourcecode.c.objc; path = UECAppDelegate.m; sourceTree = "<group>"; };
		0542FAB616C2A85A00B327B7 /* en */ = {isa = PBXFileReference; lastKnownFileType = file.storyboard; name = en; path = en.lproj/MainStoryboard_iPhone.storyboard; sourceTree = "<group>"; };
		0542FAB916C2A85A00B327B7 /* en */ = {isa = PBXFileReference; lastKnownFileType = file.storyboard; name = en; path = en.lproj/MainStoryboard_iPad.storyboard; sourceTree = "<group>"; };
		0542FACE16C2A85A00B327B7 /* UECTests.octest */ = {isa = PBXFileReference; explicitFileType = wrapper.cfbundle; includeInIndex = 0; path = UECTests.octest; sourceTree = BUILT_PRODUCTS_DIR; };
		0542FACF16C2A85A00B327B7 /* SenTestingKit.framework */ = {isa = PBXFileReference; lastKnownFileType = wrapper.framework; name = SenTestingKit.framework; path = Library/Frameworks/SenTestingKit.framework; sourceTree = DEVELOPER_DIR; };
		0542FAD716C2A85A00B327B7 /* UECTests-Info.plist */ = {isa = PBXFileReference; lastKnownFileType = text.plist.xml; path = "UECTests-Info.plist"; sourceTree = "<group>"; };
		0542FAD916C2A85A00B327B7 /* en */ = {isa = PBXFileReference; lastKnownFileType = text.plist.strings; name = en; path = en.lproj/InfoPlist.strings; sourceTree = "<group>"; };
		0542FADB16C2A85A00B327B7 /* UECTests.h */ = {isa = PBXFileReference; lastKnownFileType = sourcecode.c.h; path = UECTests.h; sourceTree = "<group>"; };
		0542FADC16C2A85A00B327B7 /* UECTests.m */ = {isa = PBXFileReference; lastKnownFileType = sourcecode.c.objc; path = UECTests.m; sourceTree = "<group>"; };
		054A32A5170301000070D9A9 /* UECTorquesViewController.h */ = {isa = PBXFileReference; fileEncoding = 4; lastKnownFileType = sourcecode.c.h; path = UECTorquesViewController.h; sourceTree = "<group>"; };
		054A32A6170301000070D9A9 /* UECTorquesViewController.m */ = {isa = PBXFileReference; fileEncoding = 4; lastKnownFileType = sourcecode.c.objc; path = UECTorquesViewController.m; sourceTree = "<group>"; };
		054DBD6B1716C8A00026A7AE /* APSDataManager+UEC.h */ = {isa = PBXFileReference; fileEncoding = 4; lastKnownFileType = sourcecode.c.h; path = "APSDataManager+UEC.h"; sourceTree = "<group>"; };
		054DBD6C1716C8A00026A7AE /* APSDataManager+UEC.m */ = {isa = PBXFileReference; fileEncoding = 4; lastKnownFileType = sourcecode.c.objc; path = "APSDataManager+UEC.m"; sourceTree = "<group>"; };
		05517264180AB68A004F94C6 /* UECMediaCaptureManager.h */ = {isa = PBXFileReference; fileEncoding = 4; lastKnownFileType = sourcecode.c.h; path = UECMediaCaptureManager.h; sourceTree = "<group>"; };
		05517265180AB68A004F94C6 /* UECMediaCaptureManager.m */ = {isa = PBXFileReference; fileEncoding = 4; lastKnownFileType = sourcecode.c.objc; path = UECMediaCaptureManager.m; sourceTree = "<group>"; };
		055323F616E2048E00C83C8D /* SystemConfiguration.framework */ = {isa = PBXFileReference; lastKnownFileType = wrapper.framework; name = SystemConfiguration.framework; path = System/Library/Frameworks/SystemConfiguration.framework; sourceTree = SDKROOT; };
		055323F816E20A2900C83C8D /* UECReachabilityManager.h */ = {isa = PBXFileReference; fileEncoding = 4; lastKnownFileType = sourcecode.c.h; path = UECReachabilityManager.h; sourceTree = "<group>"; };
		055323F916E20A2900C83C8D /* UECReachabilityManager.m */ = {isa = PBXFileReference; fileEncoding = 4; lastKnownFileType = sourcecode.c.objc; path = UECReachabilityManager.m; sourceTree = "<group>"; };
		055910D516C3AD7D00BF14D2 /* ImageIO.framework */ = {isa = PBXFileReference; lastKnownFileType = wrapper.framework; name = ImageIO.framework; path = System/Library/Frameworks/ImageIO.framework; sourceTree = SDKROOT; };
		0559110516C3B44000BF14D2 /* NSDate+Helper.h */ = {isa = PBXFileReference; fileEncoding = 4; lastKnownFileType = sourcecode.c.h; path = "NSDate+Helper.h"; sourceTree = "<group>"; };
		0559110616C3B44000BF14D2 /* NSDate+Helper.m */ = {isa = PBXFileReference; fileEncoding = 4; lastKnownFileType = sourcecode.c.objc; path = "NSDate+Helper.m"; sourceTree = "<group>"; };
		0559110C16C3CACB00BF14D2 /* UEC.xcdatamodel */ = {isa = PBXFileReference; lastKnownFileType = wrapper.xcdatamodel; path = UEC.xcdatamodel; sourceTree = "<group>"; };
		0559112116C3CF2500BF14D2 /* CoreData.framework */ = {isa = PBXFileReference; lastKnownFileType = wrapper.framework; name = CoreData.framework; path = System/Library/Frameworks/CoreData.framework; sourceTree = SDKROOT; };
		0559112B16C3D4B400BF14D2 /* DummyEvent.plist */ = {isa = PBXFileReference; fileEncoding = 4; lastKnownFileType = text.plist.xml; path = DummyEvent.plist; sourceTree = "<group>"; };
		0559112D16C3D4EF00BF14D2 /* APSDataManager.h */ = {isa = PBXFileReference; fileEncoding = 4; lastKnownFileType = sourcecode.c.h; path = APSDataManager.h; sourceTree = "<group>"; };
		0559112E16C3D4EF00BF14D2 /* APSDataManager.m */ = {isa = PBXFileReference; fileEncoding = 4; lastKnownFileType = sourcecode.c.objc; path = APSDataManager.m; sourceTree = "<group>"; };
		0559113016C3E6D200BF14D2 /* DummyPerson.plist */ = {isa = PBXFileReference; fileEncoding = 4; lastKnownFileType = text.plist.xml; path = DummyPerson.plist; sourceTree = "<group>"; };
		0559113B16C3EDA900BF14D2 /* MappingDictionaries.plist */ = {isa = PBXFileReference; fileEncoding = 4; lastKnownFileType = text.plist.xml; path = MappingDictionaries.plist; sourceTree = "<group>"; };
		0559114F16C3F91400BF14D2 /* ServerConnections.plist */ = {isa = PBXFileReference; fileEncoding = 4; lastKnownFileType = text.plist.xml; path = ServerConnections.plist; sourceTree = "<group>"; };
		0559115616C41A6100BF14D2 /* gentleman.png */ = {isa = PBXFileReference; lastKnownFileType = image.png; path = gentleman.png; sourceTree = "<group>"; };
		057F6A5816E31BCF00F74752 /* DummyBend.plist */ = {isa = PBXFileReference; fileEncoding = 4; lastKnownFileType = text.plist.xml; path = DummyBend.plist; sourceTree = "<group>"; };
		057F6A6416E32DB700F74752 /* UECPreviewItem.h */ = {isa = PBXFileReference; fileEncoding = 4; lastKnownFileType = sourcecode.c.h; path = UECPreviewItem.h; sourceTree = "<group>"; };
		057F6A6516E32DB700F74752 /* UECPreviewItem.m */ = {isa = PBXFileReference; fileEncoding = 4; lastKnownFileType = sourcecode.c.objc; path = UECPreviewItem.m; sourceTree = "<group>"; };
		057F6A6A16E3347D00F74752 /* UECTorqueCell.h */ = {isa = PBXFileReference; fileEncoding = 4; lastKnownFileType = sourcecode.c.h; path = UECTorqueCell.h; sourceTree = "<group>"; };
		057F6A6B16E3347D00F74752 /* UECTorqueCell.m */ = {isa = PBXFileReference; fileEncoding = 4; lastKnownFileType = sourcecode.c.objc; path = UECTorqueCell.m; sourceTree = "<group>"; };
		057F6A8A16E4449900F74752 /* UECDownloadingCell.h */ = {isa = PBXFileReference; fileEncoding = 4; lastKnownFileType = sourcecode.c.h; path = UECDownloadingCell.h; sourceTree = "<group>"; };
		057F6A8B16E4449A00F74752 /* UECDownloadingCell.m */ = {isa = PBXFileReference; fileEncoding = 4; lastKnownFileType = sourcecode.c.objc; path = UECDownloadingCell.m; sourceTree = "<group>"; };
		057F6A9716E4554F00F74752 /* UECAlertManager.h */ = {isa = PBXFileReference; fileEncoding = 4; lastKnownFileType = sourcecode.c.h; path = UECAlertManager.h; sourceTree = "<group>"; };
		057F6A9816E4554F00F74752 /* UECAlertManager.m */ = {isa = PBXFileReference; fileEncoding = 4; lastKnownFileType = sourcecode.c.objc; path = UECAlertManager.m; sourceTree = "<group>"; };
		058B12D6180A68E8002BFE55 /* AFHTTPRequestOperation.h */ = {isa = PBXFileReference; fileEncoding = 4; lastKnownFileType = sourcecode.c.h; path = AFHTTPRequestOperation.h; sourceTree = "<group>"; };
		058B12D7180A68E8002BFE55 /* AFHTTPRequestOperation.m */ = {isa = PBXFileReference; fileEncoding = 4; lastKnownFileType = sourcecode.c.objc; path = AFHTTPRequestOperation.m; sourceTree = "<group>"; };
		058B12D8180A68E8002BFE55 /* AFHTTPRequestOperationManager.h */ = {isa = PBXFileReference; fileEncoding = 4; lastKnownFileType = sourcecode.c.h; path = AFHTTPRequestOperationManager.h; sourceTree = "<group>"; };
		058B12D9180A68E8002BFE55 /* AFHTTPRequestOperationManager.m */ = {isa = PBXFileReference; fileEncoding = 4; lastKnownFileType = sourcecode.c.objc; path = AFHTTPRequestOperationManager.m; sourceTree = "<group>"; };
		058B12DA180A68E8002BFE55 /* AFHTTPSessionManager.h */ = {isa = PBXFileReference; fileEncoding = 4; lastKnownFileType = sourcecode.c.h; path = AFHTTPSessionManager.h; sourceTree = "<group>"; };
		058B12DB180A68E8002BFE55 /* AFHTTPSessionManager.m */ = {isa = PBXFileReference; fileEncoding = 4; lastKnownFileType = sourcecode.c.objc; path = AFHTTPSessionManager.m; sourceTree = "<group>"; };
		058B12DC180A68E8002BFE55 /* AFNetworking.h */ = {isa = PBXFileReference; fileEncoding = 4; lastKnownFileType = sourcecode.c.h; path = AFNetworking.h; sourceTree = "<group>"; };
		058B12DD180A68E8002BFE55 /* AFNetworkReachabilityManager.h */ = {isa = PBXFileReference; fileEncoding = 4; lastKnownFileType = sourcecode.c.h; path = AFNetworkReachabilityManager.h; sourceTree = "<group>"; };
		058B12DE180A68E8002BFE55 /* AFNetworkReachabilityManager.m */ = {isa = PBXFileReference; fileEncoding = 4; lastKnownFileType = sourcecode.c.objc; path = AFNetworkReachabilityManager.m; sourceTree = "<group>"; };
		058B12DF180A68E8002BFE55 /* AFSecurityPolicy.h */ = {isa = PBXFileReference; fileEncoding = 4; lastKnownFileType = sourcecode.c.h; path = AFSecurityPolicy.h; sourceTree = "<group>"; };
		058B12E0180A68E8002BFE55 /* AFSecurityPolicy.m */ = {isa = PBXFileReference; fileEncoding = 4; lastKnownFileType = sourcecode.c.objc; path = AFSecurityPolicy.m; sourceTree = "<group>"; };
		058B12E1180A68E8002BFE55 /* AFURLConnectionOperation.h */ = {isa = PBXFileReference; fileEncoding = 4; lastKnownFileType = sourcecode.c.h; path = AFURLConnectionOperation.h; sourceTree = "<group>"; };
		058B12E2180A68E8002BFE55 /* AFURLConnectionOperation.m */ = {isa = PBXFileReference; fileEncoding = 4; lastKnownFileType = sourcecode.c.objc; path = AFURLConnectionOperation.m; sourceTree = "<group>"; };
		058B12E3180A68E8002BFE55 /* AFURLRequestSerialization.h */ = {isa = PBXFileReference; fileEncoding = 4; lastKnownFileType = sourcecode.c.h; path = AFURLRequestSerialization.h; sourceTree = "<group>"; };
		058B12E4180A68E8002BFE55 /* AFURLRequestSerialization.m */ = {isa = PBXFileReference; fileEncoding = 4; lastKnownFileType = sourcecode.c.objc; path = AFURLRequestSerialization.m; sourceTree = "<group>"; };
		058B12E5180A68E8002BFE55 /* AFURLResponseSerialization.h */ = {isa = PBXFileReference; fileEncoding = 4; lastKnownFileType = sourcecode.c.h; path = AFURLResponseSerialization.h; sourceTree = "<group>"; };
		058B12E6180A68E8002BFE55 /* AFURLResponseSerialization.m */ = {isa = PBXFileReference; fileEncoding = 4; lastKnownFileType = sourcecode.c.objc; path = AFURLResponseSerialization.m; sourceTree = "<group>"; };
		058B12E7180A68E8002BFE55 /* AFURLSessionManager.h */ = {isa = PBXFileReference; fileEncoding = 4; lastKnownFileType = sourcecode.c.h; path = AFURLSessionManager.h; sourceTree = "<group>"; };
		058B12E8180A68E8002BFE55 /* AFURLSessionManager.m */ = {isa = PBXFileReference; fileEncoding = 4; lastKnownFileType = sourcecode.c.objc; path = AFURLSessionManager.m; sourceTree = "<group>"; };
		0592D83C17178FB400DB83C8 /* UECVersionInfoViewController.h */ = {isa = PBXFileReference; fileEncoding = 4; lastKnownFileType = sourcecode.c.h; path = UECVersionInfoViewController.h; sourceTree = "<group>"; };
		0592D83D17178FB400DB83C8 /* UECVersionInfoViewController.m */ = {isa = PBXFileReference; fileEncoding = 4; lastKnownFileType = sourcecode.c.objc; path = UECVersionInfoViewController.m; sourceTree = "<group>"; };
		0592D845171799F900DB83C8 /* Localizable.strings */ = {isa = PBXFileReference; fileEncoding = 4; lastKnownFileType = text.plist.strings; path = Localizable.strings; sourceTree = "<group>"; };
		0593169316CD2AF2006B0845 /* CoreDataTableViewController.h */ = {isa = PBXFileReference; fileEncoding = 4; lastKnownFileType = sourcecode.c.h; path = CoreDataTableViewController.h; sourceTree = "<group>"; };
		0593169416CD2AF2006B0845 /* CoreDataTableViewController.m */ = {isa = PBXFileReference; fileEncoding = 4; lastKnownFileType = sourcecode.c.objc; path = CoreDataTableViewController.m; sourceTree = "<group>"; };
		05ABF04516D4BDF70090BC4C /* UECCommitteeMemberCell.h */ = {isa = PBXFileReference; fileEncoding = 4; lastKnownFileType = sourcecode.c.h; path = UECCommitteeMemberCell.h; sourceTree = "<group>"; };
		05ABF04616D4BDF70090BC4C /* UECCommitteeMemberCell.m */ = {isa = PBXFileReference; fileEncoding = 4; lastKnownFileType = sourcecode.c.objc; path = UECCommitteeMemberCell.m; sourceTree = "<group>"; };
		05B34B4A180A90B0008A0182 /* libTestFlight.a */ = {isa = PBXFileReference; lastKnownFileType = archive.ar; path = libTestFlight.a; sourceTree = "<group>"; };
		05B34B4B180A90B0008A0182 /* README.md */ = {isa = PBXFileReference; fileEncoding = 4; lastKnownFileType = text; path = README.md; sourceTree = "<group>"; };
		05B34B4C180A90B0008A0182 /* release_notes.md */ = {isa = PBXFileReference; fileEncoding = 4; lastKnownFileType = text; path = release_notes.md; sourceTree = "<group>"; };
		05B34B4D180A90B0008A0182 /* TestFlight+AsyncLogging.h */ = {isa = PBXFileReference; fileEncoding = 4; lastKnownFileType = sourcecode.c.h; path = "TestFlight+AsyncLogging.h"; sourceTree = "<group>"; };
		05B34B4E180A90B0008A0182 /* TestFlight+ManualSessions.h */ = {isa = PBXFileReference; fileEncoding = 4; lastKnownFileType = sourcecode.c.h; path = "TestFlight+ManualSessions.h"; sourceTree = "<group>"; };
		05B34B4F180A90B0008A0182 /* TestFlight.h */ = {isa = PBXFileReference; fileEncoding = 4; lastKnownFileType = sourcecode.c.h; path = TestFlight.h; sourceTree = "<group>"; };
		05B34B53180A90E1008A0182 /* Security.framework */ = {isa = PBXFileReference; lastKnownFileType = wrapper.framework; name = Security.framework; path = System/Library/Frameworks/Security.framework; sourceTree = SDKROOT; };
		05B395E0180BA7EC00037F1E /* SDWebImage.framework */ = {isa = PBXFileReference; lastKnownFileType = wrapper.framework; path = SDWebImage.framework; sourceTree = "<group>"; };
		05B5C3E816CF3B73009A75F6 /* UECCommitteeMemberViewController.h */ = {isa = PBXFileReference; fileEncoding = 4; lastKnownFileType = sourcecode.c.h; path = UECCommitteeMemberViewController.h; sourceTree = "<group>"; };
		05B5C3E916CF3B73009A75F6 /* UECCommitteeMemberViewController.m */ = {isa = PBXFileReference; fileEncoding = 4; lastKnownFileType = sourcecode.c.objc; path = UECCommitteeMemberViewController.m; sourceTree = "<group>"; };
		05B76D3A16C4FAA400CECDF6 /* UIImage+Resize.h */ = {isa = PBXFileReference; fileEncoding = 4; lastKnownFileType = sourcecode.c.h; path = "UIImage+Resize.h"; sourceTree = "<group>"; };
		05B76D3B16C4FAA400CECDF6 /* UIImage+Resize.m */ = {isa = PBXFileReference; fileEncoding = 4; lastKnownFileType = sourcecode.c.objc; path = "UIImage+Resize.m"; sourceTree = "<group>"; };
		05B9423C1717F85D00A100A1 /* Event.h */ = {isa = PBXFileReference; fileEncoding = 4; lastKnownFileType = sourcecode.c.h; path = Event.h; sourceTree = "<group>"; };
		05B9423D1717F85D00A100A1 /* Event.m */ = {isa = PBXFileReference; fileEncoding = 4; lastKnownFileType = sourcecode.c.objc; path = Event.m; sourceTree = "<group>"; };
		05B942421717F85E00A100A1 /* Person.h */ = {isa = PBXFileReference; fileEncoding = 4; lastKnownFileType = sourcecode.c.h; path = Person.h; sourceTree = "<group>"; };
		05B942431717F85E00A100A1 /* Person.m */ = {isa = PBXFileReference; fileEncoding = 4; lastKnownFileType = sourcecode.c.objc; path = Person.m; sourceTree = "<group>"; };
		05B942451717F85E00A100A1 /* NewsArticle.h */ = {isa = PBXFileReference; fileEncoding = 4; lastKnownFileType = sourcecode.c.h; path = NewsArticle.h; sourceTree = "<group>"; };
		05B942461717F85E00A100A1 /* NewsArticle.m */ = {isa = PBXFileReference; fileEncoding = 4; lastKnownFileType = sourcecode.c.objc; path = NewsArticle.m; sourceTree = "<group>"; };
		05B942481717F85E00A100A1 /* Torque.h */ = {isa = PBXFileReference; fileEncoding = 4; lastKnownFileType = sourcecode.c.h; path = Torque.h; sourceTree = "<group>"; };
		05B942491717F85E00A100A1 /* Torque.m */ = {isa = PBXFileReference; fileEncoding = 4; lastKnownFileType = sourcecode.c.objc; path = Torque.m; sourceTree = "<group>"; };
		05B9424B1717F85E00A100A1 /* Sponsor.h */ = {isa = PBXFileReference; fileEncoding = 4; lastKnownFileType = sourcecode.c.h; path = Sponsor.h; sourceTree = "<group>"; };
		05B9424C1717F85E00A100A1 /* Sponsor.m */ = {isa = PBXFileReference; fileEncoding = 4; lastKnownFileType = sourcecode.c.objc; path = Sponsor.m; sourceTree = "<group>"; };
		05BC868216D7C02B00FA6C6F /* QuickLook.framework */ = {isa = PBXFileReference; lastKnownFileType = wrapper.framework; name = QuickLook.framework; path = System/Library/Frameworks/QuickLook.framework; sourceTree = SDKROOT; };
		05BCDC7816E774B000AA0FA2 /* UECNewsArticlesViewController.h */ = {isa = PBXFileReference; fileEncoding = 4; lastKnownFileType = sourcecode.c.h; path = UECNewsArticlesViewController.h; sourceTree = "<group>"; };
		05BCDC7916E774B000AA0FA2 /* UECNewsArticlesViewController.m */ = {isa = PBXFileReference; fileEncoding = 4; lastKnownFileType = sourcecode.c.objc; path = UECNewsArticlesViewController.m; sourceTree = "<group>"; };
		05BCDC8616E7802100AA0FA2 /* DummyTorque.plist */ = {isa = PBXFileReference; fileEncoding = 4; lastKnownFileType = text.plist.xml; path = DummyTorque.plist; sourceTree = "<group>"; };
		05C18F441717892600CA2430 /* UECAboutAppViewController.h */ = {isa = PBXFileReference; fileEncoding = 4; lastKnownFileType = sourcecode.c.h; path = UECAboutAppViewController.h; sourceTree = "<group>"; };
		05C18F451717892600CA2430 /* UECAboutAppViewController.m */ = {isa = PBXFileReference; fileEncoding = 4; lastKnownFileType = sourcecode.c.objc; path = UECAboutAppViewController.m; sourceTree = "<group>"; };
		05CB950916D9EF90004EFAFB /* DummyAboutUEC.plist */ = {isa = PBXFileReference; fileEncoding = 4; lastKnownFileType = text.plist.xml; path = DummyAboutUEC.plist; sourceTree = "<group>"; };
		05D1A575180A5EA300091BAA /* Images.xcassets */ = {isa = PBXFileReference; lastKnownFileType = folder.assetcatalog; name = Images.xcassets; path = UEC/Images.xcassets; sourceTree = "<group>"; };
		05D1C52D16DE1BE900D87BA0 /* MapKit.framework */ = {isa = PBXFileReference; lastKnownFileType = wrapper.framework; name = MapKit.framework; path = System/Library/Frameworks/MapKit.framework; sourceTree = SDKROOT; };
		05D1C53216DE1BEE00D87BA0 /* EventKit.framework */ = {isa = PBXFileReference; lastKnownFileType = wrapper.framework; name = EventKit.framework; path = System/Library/Frameworks/EventKit.framework; sourceTree = SDKROOT; };
		05D1C53416DE1C1D00D87BA0 /* UECEventDetailViewController.h */ = {isa = PBXFileReference; fileEncoding = 4; lastKnownFileType = sourcecode.c.h; path = UECEventDetailViewController.h; sourceTree = "<group>"; };
		05D1C53516DE1C1D00D87BA0 /* UECEventDetailViewController.m */ = {isa = PBXFileReference; fileEncoding = 4; lastKnownFileType = sourcecode.c.objc; path = UECEventDetailViewController.m; sourceTree = "<group>"; };
		05D1C53816DE1C3700D87BA0 /* UECMapViewController.h */ = {isa = PBXFileReference; fileEncoding = 4; lastKnownFileType = sourcecode.c.h; path = UECMapViewController.h; sourceTree = "<group>"; };
		05D1C53916DE1C3700D87BA0 /* UECMapViewController.m */ = {isa = PBXFileReference; fileEncoding = 4; lastKnownFileType = sourcecode.c.objc; path = UECMapViewController.m; sourceTree = "<group>"; };
		05D1C53B16DE1DB300D87BA0 /* UECEventCell.h */ = {isa = PBXFileReference; fileEncoding = 4; lastKnownFileType = sourcecode.c.h; path = UECEventCell.h; sourceTree = "<group>"; };
		05D1C53C16DE1DB300D87BA0 /* UECEventCell.m */ = {isa = PBXFileReference; fileEncoding = 4; lastKnownFileType = sourcecode.c.objc; path = UECEventCell.m; sourceTree = "<group>"; };
		05D1C53F16DE3A3700D87BA0 /* CoreLocation.framework */ = {isa = PBXFileReference; lastKnownFileType = wrapper.framework; name = CoreLocation.framework; path = System/Library/Frameworks/CoreLocation.framework; sourceTree = SDKROOT; };
		05D250B31716D4CD003177ED /* libz.dylib */ = {isa = PBXFileReference; lastKnownFileType = "compiled.mach-o.dylib"; name = libz.dylib; path = usr/lib/libz.dylib; sourceTree = SDKROOT; };
		05DD22CF16C2B73200CF18F0 /* UECCommitteeViewController.h */ = {isa = PBXFileReference; fileEncoding = 4; lastKnownFileType = sourcecode.c.h; path = UECCommitteeViewController.h; sourceTree = "<group>"; };
		05DD22D016C2B73200CF18F0 /* UECCommitteeViewController.m */ = {isa = PBXFileReference; fileEncoding = 4; lastKnownFileType = sourcecode.c.objc; path = UECCommitteeViewController.m; sourceTree = "<group>"; };
		05E59FEF16F9F52C0016B8AE /* UEC 5.xcdatamodel */ = {isa = PBXFileReference; lastKnownFileType = wrapper.xcdatamodel; path = "UEC 5.xcdatamodel"; sourceTree = "<group>"; };
		05F9177316C74A2700B1BCE1 /* NSManagedObject+Appulse.h */ = {isa = PBXFileReference; fileEncoding = 4; lastKnownFileType = sourcecode.c.h; path = "NSManagedObject+Appulse.h"; sourceTree = "<group>"; };
		05F9177416C74A2700B1BCE1 /* NSManagedObject+Appulse.m */ = {isa = PBXFileReference; fileEncoding = 4; lastKnownFileType = sourcecode.c.objc; path = "NSManagedObject+Appulse.m"; sourceTree = "<group>"; };
		05F9177B16C7648400B1BCE1 /* UECArticleViewController.h */ = {isa = PBXFileReference; fileEncoding = 4; lastKnownFileType = sourcecode.c.h; path = UECArticleViewController.h; sourceTree = "<group>"; };
		05F9177C16C7648400B1BCE1 /* UECArticleViewController.m */ = {isa = PBXFileReference; fileEncoding = 4; lastKnownFileType = sourcecode.c.objc; path = UECArticleViewController.m; sourceTree = "<group>"; };
		05F9178716C7780200B1BCE1 /* UECActivity.h */ = {isa = PBXFileReference; fileEncoding = 4; lastKnownFileType = sourcecode.c.h; path = UECActivity.h; sourceTree = "<group>"; };
		05F9178816C7780200B1BCE1 /* UECActivity.m */ = {isa = PBXFileReference; fileEncoding = 4; lastKnownFileType = sourcecode.c.objc; path = UECActivity.m; sourceTree = "<group>"; };
		05F9179616C7A49D00B1BCE1 /* UEC 3.xcdatamodel */ = {isa = PBXFileReference; lastKnownFileType = wrapper.xcdatamodel; path = "UEC 3.xcdatamodel"; sourceTree = "<group>"; };
		05FB0ADD16C7B57800D91F9C /* UECCalendarListViewController.h */ = {isa = PBXFileReference; fileEncoding = 4; lastKnownFileType = sourcecode.c.h; path = UECCalendarListViewController.h; sourceTree = "<group>"; };
		05FB0ADE16C7B57800D91F9C /* UECCalendarListViewController.m */ = {isa = PBXFileReference; fileEncoding = 4; lastKnownFileType = sourcecode.c.objc; path = UECCalendarListViewController.m; sourceTree = "<group>"; };
		05FDB27D16F0B5C0008DAA8A /* UECThemeManager.h */ = {isa = PBXFileReference; fileEncoding = 4; lastKnownFileType = sourcecode.c.h; path = UECThemeManager.h; sourceTree = "<group>"; };
		05FDB27E16F0B5C0008DAA8A /* UECThemeManager.m */ = {isa = PBXFileReference; fileEncoding = 4; lastKnownFileType = sourcecode.c.objc; path = UECThemeManager.m; sourceTree = "<group>"; };
/* End PBXFileReference section */

/* Begin PBXFrameworksBuildPhase section */
		0542FA9716C2A85A00B327B7 /* Frameworks */ = {
			isa = PBXFrameworksBuildPhase;
			buildActionMask = 2147483647;
			files = (
				05B34B54180A90E1008A0182 /* Security.framework in Frameworks */,
				05B34B50180A90B0008A0182 /* libTestFlight.a in Frameworks */,
				05D250B41716D4CD003177ED /* libz.dylib in Frameworks */,
				055323F716E2048E00C83C8D /* SystemConfiguration.framework in Frameworks */,
				05B395E1180BA7EC00037F1E /* SDWebImage.framework in Frameworks */,
				05D1C54016DE3A3700D87BA0 /* CoreLocation.framework in Frameworks */,
				05D1C53316DE1BEE00D87BA0 /* EventKit.framework in Frameworks */,
				05D1C52E16DE1BE900D87BA0 /* MapKit.framework in Frameworks */,
				05BC868316D7C02B00FA6C6F /* QuickLook.framework in Frameworks */,
				050A78A416D4F3720055B742 /* MobileCoreServices.framework in Frameworks */,
				050A78A216D4EFF90055B742 /* MessageUI.framework in Frameworks */,
				050A789E16D4E8A50055B742 /* QuartzCore.framework in Frameworks */,
				0559112216C3CF2500BF14D2 /* CoreData.framework in Frameworks */,
				055910D616C3AD7D00BF14D2 /* ImageIO.framework in Frameworks */,
				0542FA9E16C2A85A00B327B7 /* UIKit.framework in Frameworks */,
				0542FAA016C2A85A00B327B7 /* Foundation.framework in Frameworks */,
				0542FAA216C2A85A00B327B7 /* CoreGraphics.framework in Frameworks */,
			);
			runOnlyForDeploymentPostprocessing = 0;
		};
		0542FACA16C2A85A00B327B7 /* Frameworks */ = {
			isa = PBXFrameworksBuildPhase;
			buildActionMask = 2147483647;
			files = (
				05B395E2180BA7EC00037F1E /* SDWebImage.framework in Frameworks */,
				0542FAD016C2A85A00B327B7 /* SenTestingKit.framework in Frameworks */,
				0542FAD116C2A85A00B327B7 /* UIKit.framework in Frameworks */,
				0542FAD216C2A85A00B327B7 /* Foundation.framework in Frameworks */,
			);
			runOnlyForDeploymentPostprocessing = 0;
		};
/* End PBXFrameworksBuildPhase section */

/* Begin PBXGroup section */
		050A789616D4E0490055B742 /* Detail */ = {
			isa = PBXGroup;
			children = (
				05B5C3E816CF3B73009A75F6 /* UECCommitteeMemberViewController.h */,
				05B5C3E916CF3B73009A75F6 /* UECCommitteeMemberViewController.m */,
			);
			name = Detail;
			sourceTree = "<group>";
		};
		050A78A816D50DB70055B742 /* About */ = {
			isa = PBXGroup;
			children = (
				050A78A516D50DB00055B742 /* UECAboutViewController.h */,
				050A78A616D50DB00055B742 /* UECAboutViewController.m */,
				05C18F441717892600CA2430 /* UECAboutAppViewController.h */,
				05C18F451717892600CA2430 /* UECAboutAppViewController.m */,
				0592D83C17178FB400DB83C8 /* UECVersionInfoViewController.h */,
				0592D83D17178FB400DB83C8 /* UECVersionInfoViewController.m */,
			);
			name = About;
			sourceTree = "<group>";
		};
		0536F76B16DF8943008ECFDA /* Detail */ = {
			isa = PBXGroup;
			children = (
				05F9177B16C7648400B1BCE1 /* UECArticleViewController.h */,
				05F9177C16C7648400B1BCE1 /* UECArticleViewController.m */,
			);
			name = Detail;
			sourceTree = "<group>";
		};
		0536F76C16DF896F008ECFDA /* Map */ = {
			isa = PBXGroup;
			children = (
				05D1C53816DE1C3700D87BA0 /* UECMapViewController.h */,
				05D1C53916DE1C3700D87BA0 /* UECMapViewController.m */,
			);
			name = Map;
			sourceTree = "<group>";
		};
		0542FA9116C2A85A00B327B7 = {
			isa = PBXGroup;
			children = (
				0542FAA316C2A85A00B327B7 /* UEC */,
				05D1A575180A5EA300091BAA /* Images.xcassets */,
				0542FAD516C2A85A00B327B7 /* UECTests */,
				05B34B49180A90B0008A0182 /* TestFlightSDK1.2.4 */,
				058B11B4180A68B0002BFE55 /* Submodules */,
				0542FA9C16C2A85A00B327B7 /* Frameworks */,
				0542FA9B16C2A85A00B327B7 /* Products */,
			);
			sourceTree = "<group>";
		};
		0542FA9B16C2A85A00B327B7 /* Products */ = {
			isa = PBXGroup;
			children = (
				0542FA9A16C2A85A00B327B7 /* UEC.app */,
				0542FACE16C2A85A00B327B7 /* UECTests.octest */,
			);
			name = Products;
			sourceTree = "<group>";
		};
		0542FA9C16C2A85A00B327B7 /* Frameworks */ = {
			isa = PBXGroup;
			children = (
				05B395E0180BA7EC00037F1E /* SDWebImage.framework */,
				05B34B53180A90E1008A0182 /* Security.framework */,
				05D250B31716D4CD003177ED /* libz.dylib */,
				055323F616E2048E00C83C8D /* SystemConfiguration.framework */,
				05D1C53F16DE3A3700D87BA0 /* CoreLocation.framework */,
				05D1C53216DE1BEE00D87BA0 /* EventKit.framework */,
				05D1C52D16DE1BE900D87BA0 /* MapKit.framework */,
				05BC868216D7C02B00FA6C6F /* QuickLook.framework */,
				050A78A316D4F3710055B742 /* MobileCoreServices.framework */,
				050A78A116D4EFF90055B742 /* MessageUI.framework */,
				050A789D16D4E8A50055B742 /* QuartzCore.framework */,
				0559112116C3CF2500BF14D2 /* CoreData.framework */,
				055910D516C3AD7D00BF14D2 /* ImageIO.framework */,
				0542FA9D16C2A85A00B327B7 /* UIKit.framework */,
				0542FA9F16C2A85A00B327B7 /* Foundation.framework */,
				0542FAA116C2A85A00B327B7 /* CoreGraphics.framework */,
				0542FACF16C2A85A00B327B7 /* SenTestingKit.framework */,
			);
			name = Frameworks;
			sourceTree = "<group>";
		};
		0542FAA316C2A85A00B327B7 /* UEC */ = {
			isa = PBXGroup;
			children = (
				0542FAAC16C2A85A00B327B7 /* UECAppDelegate.h */,
				0542FAAD16C2A85A00B327B7 /* UECAppDelegate.m */,
				0559112A16C3D49200BF14D2 /* Property Lists */,
				0559110316C3B41100BF14D2 /* User Interface */,
				0559110E16C3CAD100BF14D2 /* Core Data */,
				0559110416C3B42700BF14D2 /* Helpers */,
				0559110216C3B40A00BF14D2 /* Modules */,
				05FDB26A16F0B2AB008DAA8A /* Theme */,
				0542FAA416C2A85A00B327B7 /* Supporting Files */,
			);
			path = UEC;
			sourceTree = "<group>";
		};
		0542FAA416C2A85A00B327B7 /* Supporting Files */ = {
			isa = PBXGroup;
			children = (
				0542FAA516C2A85A00B327B7 /* UEC-Info.plist */,
				0592D845171799F900DB83C8 /* Localizable.strings */,
				0542FAA616C2A85A00B327B7 /* InfoPlist.strings */,
				0542FAA916C2A85A00B327B7 /* main.m */,
				0542FAAB16C2A85A00B327B7 /* UEC-Prefix.pch */,
			);
			name = "Supporting Files";
			sourceTree = "<group>";
		};
		0542FAD516C2A85A00B327B7 /* UECTests */ = {
			isa = PBXGroup;
			children = (
				0542FADB16C2A85A00B327B7 /* UECTests.h */,
				0542FADC16C2A85A00B327B7 /* UECTests.m */,
				0542FAD616C2A85A00B327B7 /* Supporting Files */,
			);
			path = UECTests;
			sourceTree = "<group>";
		};
		0542FAD616C2A85A00B327B7 /* Supporting Files */ = {
			isa = PBXGroup;
			children = (
				0542FAD716C2A85A00B327B7 /* UECTests-Info.plist */,
				0542FAD816C2A85A00B327B7 /* InfoPlist.strings */,
			);
			name = "Supporting Files";
			sourceTree = "<group>";
		};
		0559110216C3B40A00BF14D2 /* Modules */ = {
			isa = PBXGroup;
			children = (
				05DD22CA16C2B6F400CF18F0 /* News */,
				05DD22CE16C2B71A00CF18F0 /* Calendar */,
				05DD22D216C2B73500CF18F0 /* Committee */,
				057F6A5616E2E90100F74752 /* Torques */,
				050A78A816D50DB70055B742 /* About */,
			);
			name = Modules;
			sourceTree = "<group>";
		};
		0559110316C3B41100BF14D2 /* User Interface */ = {
			isa = PBXGroup;
			children = (
				0542FAB516C2A85A00B327B7 /* MainStoryboard_iPhone.storyboard */,
				0542FAB816C2A85A00B327B7 /* MainStoryboard_iPad.storyboard */,
				051B3D5816C581FB007BAB12 /* UECNewsArticleCell.xib */,
			);
			name = "User Interface";
			sourceTree = "<group>";
		};
		0559110416C3B42700BF14D2 /* Helpers */ = {
			isa = PBXGroup;
			children = (
				057F6A6016E32DA000F74752 /* Other */,
				05B76D0D16C4E6B200CECDF6 /* Managers */,
				05B76D1116C4E6B800CECDF6 /* Categories */,
				05F9178A16C7780600B1BCE1 /* Subclasses */,
			);
			name = Helpers;
			sourceTree = "<group>";
		};
		0559110E16C3CAD100BF14D2 /* Core Data */ = {
			isa = PBXGroup;
			children = (
				0559110F16C3CD4200BF14D2 /* NSManagedObjects */,
				0559110B16C3CACB00BF14D2 /* UEC.xcdatamodeld */,
			);
			name = "Core Data";
			sourceTree = "<group>";
		};
		0559110F16C3CD4200BF14D2 /* NSManagedObjects */ = {
			isa = PBXGroup;
			children = (
				05B9424B1717F85E00A100A1 /* Sponsor.h */,
				05B9424C1717F85E00A100A1 /* Sponsor.m */,
				05B942481717F85E00A100A1 /* Torque.h */,
				05B942491717F85E00A100A1 /* Torque.m */,
				05B942451717F85E00A100A1 /* NewsArticle.h */,
				05B942461717F85E00A100A1 /* NewsArticle.m */,
				05B942421717F85E00A100A1 /* Person.h */,
				05B942431717F85E00A100A1 /* Person.m */,
				05B9423C1717F85D00A100A1 /* Event.h */,
				05B9423D1717F85D00A100A1 /* Event.m */,
			);
			name = NSManagedObjects;
			sourceTree = "<group>";
		};
		0559112A16C3D49200BF14D2 /* Property Lists */ = {
			isa = PBXGroup;
			children = (
				0559113B16C3EDA900BF14D2 /* MappingDictionaries.plist */,
				0559114F16C3F91400BF14D2 /* ServerConnections.plist */,
				0559115116C3F91C00BF14D2 /* Temp Dummy */,
			);
			name = "Property Lists";
			sourceTree = "<group>";
		};
		0559115116C3F91C00BF14D2 /* Temp Dummy */ = {
			isa = PBXGroup;
			children = (
				0559112B16C3D4B400BF14D2 /* DummyEvent.plist */,
				051B3D4D16C5695A007BAB12 /* DummyNewsArticle.plist */,
				05BCDC8616E7802100AA0FA2 /* DummyTorque.plist */,
				0559113016C3E6D200BF14D2 /* DummyPerson.plist */,
				050A78AB16D50F070055B742 /* DummySponsor.plist */,
				05CB950916D9EF90004EFAFB /* DummyAboutUEC.plist */,
				057F6A5816E31BCF00F74752 /* DummyBend.plist */,
				0559115616C41A6100BF14D2 /* gentleman.png */,
			);
			name = "Temp Dummy";
			sourceTree = "<group>";
		};
		057F6A5616E2E90100F74752 /* Torques */ = {
			isa = PBXGroup;
			children = (
				054A32A5170301000070D9A9 /* UECTorquesViewController.h */,
				054A32A6170301000070D9A9 /* UECTorquesViewController.m */,
				057F6A9016E44A3D00F74752 /* Cells */,
			);
			name = Torques;
			sourceTree = "<group>";
		};
		057F6A6016E32DA000F74752 /* Other */ = {
			isa = PBXGroup;
			children = (
				057F6A6416E32DB700F74752 /* UECPreviewItem.h */,
				057F6A6516E32DB700F74752 /* UECPreviewItem.m */,
			);
			name = Other;
			sourceTree = "<group>";
		};
		057F6A9016E44A3D00F74752 /* Cells */ = {
			isa = PBXGroup;
			children = (
				057F6A6A16E3347D00F74752 /* UECTorqueCell.h */,
				057F6A6B16E3347D00F74752 /* UECTorqueCell.m */,
				057F6A8A16E4449900F74752 /* UECDownloadingCell.h */,
				057F6A8B16E4449A00F74752 /* UECDownloadingCell.m */,
			);
			name = Cells;
			sourceTree = "<group>";
		};
		058B11B4180A68B0002BFE55 /* Submodules */ = {
			isa = PBXGroup;
			children = (
				058B12D5180A68E8002BFE55 /* AFNetworking */,
			);
			name = Submodules;
			sourceTree = "<group>";
		};
		058B12D5180A68E8002BFE55 /* AFNetworking */ = {
			isa = PBXGroup;
			children = (
				058B12D6180A68E8002BFE55 /* AFHTTPRequestOperation.h */,
				058B12D7180A68E8002BFE55 /* AFHTTPRequestOperation.m */,
				058B12D8180A68E8002BFE55 /* AFHTTPRequestOperationManager.h */,
				058B12D9180A68E8002BFE55 /* AFHTTPRequestOperationManager.m */,
				058B12DA180A68E8002BFE55 /* AFHTTPSessionManager.h */,
				058B12DB180A68E8002BFE55 /* AFHTTPSessionManager.m */,
				058B12DC180A68E8002BFE55 /* AFNetworking.h */,
				058B12DD180A68E8002BFE55 /* AFNetworkReachabilityManager.h */,
				058B12DE180A68E8002BFE55 /* AFNetworkReachabilityManager.m */,
				058B12DF180A68E8002BFE55 /* AFSecurityPolicy.h */,
				058B12E0180A68E8002BFE55 /* AFSecurityPolicy.m */,
				058B12E1180A68E8002BFE55 /* AFURLConnectionOperation.h */,
				058B12E2180A68E8002BFE55 /* AFURLConnectionOperation.m */,
				058B12E3180A68E8002BFE55 /* AFURLRequestSerialization.h */,
				058B12E4180A68E8002BFE55 /* AFURLRequestSerialization.m */,
				058B12E5180A68E8002BFE55 /* AFURLResponseSerialization.h */,
				058B12E6180A68E8002BFE55 /* AFURLResponseSerialization.m */,
				058B12E7180A68E8002BFE55 /* AFURLSessionManager.h */,
				058B12E8180A68E8002BFE55 /* AFURLSessionManager.m */,
			);
			name = AFNetworking;
			path = AFNetworking/AFNetworking;
			sourceTree = "<group>";
		};
		05B34B49180A90B0008A0182 /* TestFlightSDK1.2.4 */ = {
			isa = PBXGroup;
			children = (
				05B34B4A180A90B0008A0182 /* libTestFlight.a */,
				05B34B4B180A90B0008A0182 /* README.md */,
				05B34B4C180A90B0008A0182 /* release_notes.md */,
				05B34B4D180A90B0008A0182 /* TestFlight+AsyncLogging.h */,
				05B34B4E180A90B0008A0182 /* TestFlight+ManualSessions.h */,
				05B34B4F180A90B0008A0182 /* TestFlight.h */,
			);
			path = TestFlightSDK1.2.4;
			sourceTree = "<group>";
		};
		05B76D0D16C4E6B200CECDF6 /* Managers */ = {
			isa = PBXGroup;
			children = (
				0559112D16C3D4EF00BF14D2 /* APSDataManager.h */,
				0559112E16C3D4EF00BF14D2 /* APSDataManager.m */,
				055323F816E20A2900C83C8D /* UECReachabilityManager.h */,
				055323F916E20A2900C83C8D /* UECReachabilityManager.m */,
				057F6A9716E4554F00F74752 /* UECAlertManager.h */,
				057F6A9816E4554F00F74752 /* UECAlertManager.m */,
				052E74A3180AA615008EA4E8 /* UECMailManager.h */,
				052E74A4180AA615008EA4E8 /* UECMailManager.m */,
				05517264180AB68A004F94C6 /* UECMediaCaptureManager.h */,
				05517265180AB68A004F94C6 /* UECMediaCaptureManager.m */,
			);
			name = Managers;
			sourceTree = "<group>";
		};
		05B76D1116C4E6B800CECDF6 /* Categories */ = {
			isa = PBXGroup;
			children = (
				05F9177316C74A2700B1BCE1 /* NSManagedObject+Appulse.h */,
				05F9177416C74A2700B1BCE1 /* NSManagedObject+Appulse.m */,
				0559110516C3B44000BF14D2 /* NSDate+Helper.h */,
				0559110616C3B44000BF14D2 /* NSDate+Helper.m */,
				051B3D5516C5775F007BAB12 /* NSDate+Formatter.h */,
				051B3D5616C5775F007BAB12 /* NSDate+Formatter.m */,
				05B76D3A16C4FAA400CECDF6 /* UIImage+Resize.h */,
				05B76D3B16C4FAA400CECDF6 /* UIImage+Resize.m */,
				054DBD6B1716C8A00026A7AE /* APSDataManager+UEC.h */,
				054DBD6C1716C8A00026A7AE /* APSDataManager+UEC.m */,
			);
			name = Categories;
			sourceTree = "<group>";
		};
		05D1C53716DE1C2000D87BA0 /* Detail */ = {
			isa = PBXGroup;
			children = (
				05D1C53416DE1C1D00D87BA0 /* UECEventDetailViewController.h */,
				05D1C53516DE1C1D00D87BA0 /* UECEventDetailViewController.m */,
				0536F76C16DF896F008ECFDA /* Map */,
			);
			name = Detail;
			sourceTree = "<group>";
		};
		05DD22CA16C2B6F400CF18F0 /* News */ = {
			isa = PBXGroup;
			children = (
				05BCDC7816E774B000AA0FA2 /* UECNewsArticlesViewController.h */,
				05BCDC7916E774B000AA0FA2 /* UECNewsArticlesViewController.m */,
				05E4D79F16E462CE00C5374D /* Cell */,
				0536F76B16DF8943008ECFDA /* Detail */,
			);
			name = News;
			sourceTree = "<group>";
		};
		05DD22CE16C2B71A00CF18F0 /* Calendar */ = {
			isa = PBXGroup;
			children = (
				05FB0ADD16C7B57800D91F9C /* UECCalendarListViewController.h */,
				05FB0ADE16C7B57800D91F9C /* UECCalendarListViewController.m */,
				05D1C53716DE1C2000D87BA0 /* Detail */,
				05E4D79E16E462C300C5374D /* Cell */,
			);
			name = Calendar;
			sourceTree = "<group>";
		};
		05DD22D216C2B73500CF18F0 /* Committee */ = {
			isa = PBXGroup;
			children = (
				05DD22CF16C2B73200CF18F0 /* UECCommitteeViewController.h */,
				05DD22D016C2B73200CF18F0 /* UECCommitteeViewController.m */,
				05E4D79A16E462B700C5374D /* Cell */,
				050A789616D4E0490055B742 /* Detail */,
			);
			name = Committee;
			sourceTree = "<group>";
		};
		05E4D79A16E462B700C5374D /* Cell */ = {
			isa = PBXGroup;
			children = (
				05ABF04516D4BDF70090BC4C /* UECCommitteeMemberCell.h */,
				05ABF04616D4BDF70090BC4C /* UECCommitteeMemberCell.m */,
			);
			name = Cell;
			sourceTree = "<group>";
		};
		05E4D79E16E462C300C5374D /* Cell */ = {
			isa = PBXGroup;
			children = (
				05D1C53B16DE1DB300D87BA0 /* UECEventCell.h */,
				05D1C53C16DE1DB300D87BA0 /* UECEventCell.m */,
			);
			name = Cell;
			sourceTree = "<group>";
		};
		05E4D79F16E462CE00C5374D /* Cell */ = {
			isa = PBXGroup;
			children = (
				051B3D4F16C56C08007BAB12 /* UECNewsArticleCell.h */,
				051B3D5016C56C08007BAB12 /* UECNewsArticleCell.m */,
			);
			name = Cell;
			sourceTree = "<group>";
		};
		05F9178A16C7780600B1BCE1 /* Subclasses */ = {
			isa = PBXGroup;
			children = (
				0593169316CD2AF2006B0845 /* CoreDataTableViewController.h */,
				0593169416CD2AF2006B0845 /* CoreDataTableViewController.m */,
				05F9178716C7780200B1BCE1 /* UECActivity.h */,
				05F9178816C7780200B1BCE1 /* UECActivity.m */,
			);
			name = Subclasses;
			sourceTree = "<group>";
		};
		05FDB26A16F0B2AB008DAA8A /* Theme */ = {
			isa = PBXGroup;
			children = (
				05FDB27D16F0B5C0008DAA8A /* UECThemeManager.h */,
				05FDB27E16F0B5C0008DAA8A /* UECThemeManager.m */,
				052E749B180AA059008EA4E8 /* UECThemeResources.h */,
				052E749C180AA059008EA4E8 /* UECThemeResources.m */,
				052E749F180AA384008EA4E8 /* UECNavigationBar.h */,
				052E74A0180AA384008EA4E8 /* UECNavigationBar.m */,
			);
			name = Theme;
			sourceTree = "<group>";
		};
/* End PBXGroup section */

/* Begin PBXNativeTarget section */
		0542FA9916C2A85A00B327B7 /* UEC */ = {
			isa = PBXNativeTarget;
			buildConfigurationList = 0542FAE016C2A85A00B327B7 /* Build configuration list for PBXNativeTarget "UEC" */;
			buildPhases = (
				0542FA9616C2A85A00B327B7 /* Sources */,
				0542FA9716C2A85A00B327B7 /* Frameworks */,
				0542FA9816C2A85A00B327B7 /* Resources */,
			);
			buildRules = (
			);
			dependencies = (
			);
			name = UEC;
			productName = UEC;
			productReference = 0542FA9A16C2A85A00B327B7 /* UEC.app */;
			productType = "com.apple.product-type.application";
		};
		0542FACD16C2A85A00B327B7 /* UECTests */ = {
			isa = PBXNativeTarget;
			buildConfigurationList = 0542FAE316C2A85A00B327B7 /* Build configuration list for PBXNativeTarget "UECTests" */;
			buildPhases = (
				0542FAC916C2A85A00B327B7 /* Sources */,
				0542FACA16C2A85A00B327B7 /* Frameworks */,
				0542FACB16C2A85A00B327B7 /* Resources */,
				0542FACC16C2A85A00B327B7 /* ShellScript */,
			);
			buildRules = (
			);
			dependencies = (
				0542FAD416C2A85A00B327B7 /* PBXTargetDependency */,
			);
			name = UECTests;
			productName = UECTests;
			productReference = 0542FACE16C2A85A00B327B7 /* UECTests.octest */;
			productType = "com.apple.product-type.bundle";
		};
/* End PBXNativeTarget section */

/* Begin PBXProject section */
		0542FA9216C2A85A00B327B7 /* Project object */ = {
			isa = PBXProject;
			attributes = {
				CLASSPREFIX = UEC;
				LastUpgradeCheck = 0460;
				ORGANIZATIONNAME = Appulse;
				TargetAttributes = {
					0542FA9916C2A85A00B327B7 = {
						DevelopmentTeam = GGB7WW5V29;
						SystemCapabilities = {
							com.apple.InterAppAudio = {
								enabled = 0;
							};
						};
					};
				};
			};
			buildConfigurationList = 0542FA9516C2A85A00B327B7 /* Build configuration list for PBXProject "UEC" */;
			compatibilityVersion = "Xcode 3.2";
			developmentRegion = English;
			hasScannedForEncodings = 0;
			knownRegions = (
				en,
				fr,
			);
			mainGroup = 0542FA9116C2A85A00B327B7;
			productRefGroup = 0542FA9B16C2A85A00B327B7 /* Products */;
			projectDirPath = "";
			projectRoot = "";
			targets = (
				0542FA9916C2A85A00B327B7 /* UEC */,
				0542FACD16C2A85A00B327B7 /* UECTests */,
			);
		};
/* End PBXProject section */

/* Begin PBXResourcesBuildPhase section */
		0542FA9816C2A85A00B327B7 /* Resources */ = {
			isa = PBXResourcesBuildPhase;
			buildActionMask = 2147483647;
			files = (
				05B34B52180A90B0008A0182 /* release_notes.md in Resources */,
				0542FAA816C2A85A00B327B7 /* InfoPlist.strings in Resources */,
				0542FAB716C2A85A00B327B7 /* MainStoryboard_iPhone.storyboard in Resources */,
				0542FABA16C2A85A00B327B7 /* MainStoryboard_iPad.storyboard in Resources */,
				05D1A576180A5EA300091BAA /* Images.xcassets in Resources */,
				0559112C16C3D4B400BF14D2 /* DummyEvent.plist in Resources */,
				0559113116C3E6D200BF14D2 /* DummyPerson.plist in Resources */,
				0559113C16C3EDA900BF14D2 /* MappingDictionaries.plist in Resources */,
				0559115016C3F91400BF14D2 /* ServerConnections.plist in Resources */,
				0559115716C41A6100BF14D2 /* gentleman.png in Resources */,
				051B3D4E16C5695A007BAB12 /* DummyNewsArticle.plist in Resources */,
				051B3D5916C581FB007BAB12 /* UECNewsArticleCell.xib in Resources */,
				05B34B51180A90B0008A0182 /* README.md in Resources */,
				050A78AC16D50F070055B742 /* DummySponsor.plist in Resources */,
				05CB950A16D9EF90004EFAFB /* DummyAboutUEC.plist in Resources */,
				057F6A5916E31BCF00F74752 /* DummyBend.plist in Resources */,
				05BCDC8716E7802100AA0FA2 /* DummyTorque.plist in Resources */,
				0592D846171799F900DB83C8 /* Localizable.strings in Resources */,
			);
			runOnlyForDeploymentPostprocessing = 0;
		};
		0542FACB16C2A85A00B327B7 /* Resources */ = {
			isa = PBXResourcesBuildPhase;
			buildActionMask = 2147483647;
			files = (
				0542FADA16C2A85A00B327B7 /* InfoPlist.strings in Resources */,
			);
			runOnlyForDeploymentPostprocessing = 0;
		};
/* End PBXResourcesBuildPhase section */

/* Begin PBXShellScriptBuildPhase section */
		0542FACC16C2A85A00B327B7 /* ShellScript */ = {
			isa = PBXShellScriptBuildPhase;
			buildActionMask = 2147483647;
			files = (
			);
			inputPaths = (
			);
			outputPaths = (
			);
			runOnlyForDeploymentPostprocessing = 0;
			shellPath = /bin/sh;
			shellScript = "# Run the unit tests in this test bundle.\n\"${SYSTEM_DEVELOPER_DIR}/Tools/RunUnitTests\"\n";
		};
/* End PBXShellScriptBuildPhase section */

/* Begin PBXSourcesBuildPhase section */
		0542FA9616C2A85A00B327B7 /* Sources */ = {
			isa = PBXSourcesBuildPhase;
			buildActionMask = 2147483647;
			files = (
				058B12F9180A68E8002BFE55 /* AFURLSessionManager.m in Sources */,
				0542FAAA16C2A85A00B327B7 /* main.m in Sources */,
				0542FAAE16C2A85A00B327B7 /* UECAppDelegate.m in Sources */,
				05DD22D116C2B73200CF18F0 /* UECCommitteeViewController.m in Sources */,
				058B12F3180A68E8002BFE55 /* AFURLConnectionOperation.m in Sources */,
				0559110716C3B44000BF14D2 /* NSDate+Helper.m in Sources */,
				0559110D16C3CACB00BF14D2 /* UEC.xcdatamodeld in Sources */,
				0559112F16C3D4F000BF14D2 /* APSDataManager.m in Sources */,
				05B76D3C16C4FAA400CECDF6 /* UIImage+Resize.m in Sources */,
				052E74A1180AA384008EA4E8 /* UECNavigationBar.m in Sources */,
				058B12F5180A68E8002BFE55 /* AFURLRequestSerialization.m in Sources */,
				051B3D5116C56C08007BAB12 /* UECNewsArticleCell.m in Sources */,
				051B3D5716C5775F007BAB12 /* NSDate+Formatter.m in Sources */,
				05517266180AB68A004F94C6 /* UECMediaCaptureManager.m in Sources */,
				058B12EB180A68E8002BFE55 /* AFHTTPRequestOperationManager.m in Sources */,
				05F9177516C74A2700B1BCE1 /* NSManagedObject+Appulse.m in Sources */,
				058B12F7180A68E8002BFE55 /* AFURLResponseSerialization.m in Sources */,
				05F9177D16C7648400B1BCE1 /* UECArticleViewController.m in Sources */,
				05F9178916C7780200B1BCE1 /* UECActivity.m in Sources */,
				05FB0ADF16C7B57800D91F9C /* UECCalendarListViewController.m in Sources */,
				0593169516CD2AF2006B0845 /* CoreDataTableViewController.m in Sources */,
				05B5C3EA16CF3B73009A75F6 /* UECCommitteeMemberViewController.m in Sources */,
				058B12F1180A68E8002BFE55 /* AFSecurityPolicy.m in Sources */,
				05ABF04716D4BDF70090BC4C /* UECCommitteeMemberCell.m in Sources */,
				058B12EF180A68E8002BFE55 /* AFNetworkReachabilityManager.m in Sources */,
				050A78A716D50DB10055B742 /* UECAboutViewController.m in Sources */,
				05D1C53616DE1C1D00D87BA0 /* UECEventDetailViewController.m in Sources */,
				05D1C53A16DE1C3700D87BA0 /* UECMapViewController.m in Sources */,
				05D1C53D16DE1DB300D87BA0 /* UECEventCell.m in Sources */,
				055323FA16E20A2900C83C8D /* UECReachabilityManager.m in Sources */,
				057F6A6616E32DB700F74752 /* UECPreviewItem.m in Sources */,
				058B12E9180A68E8002BFE55 /* AFHTTPRequestOperation.m in Sources */,
				058B12ED180A68E8002BFE55 /* AFHTTPSessionManager.m in Sources */,
				057F6A6C16E3347D00F74752 /* UECTorqueCell.m in Sources */,
				057F6A8C16E4449A00F74752 /* UECDownloadingCell.m in Sources */,
				052E74A5180AA615008EA4E8 /* UECMailManager.m in Sources */,
				057F6A9916E4555000F74752 /* UECAlertManager.m in Sources */,
				05BCDC7A16E774B000AA0FA2 /* UECNewsArticlesViewController.m in Sources */,
				05FDB27F16F0B5C0008DAA8A /* UECThemeManager.m in Sources */,
				054A32A7170301000070D9A9 /* UECTorquesViewController.m in Sources */,
				054DBD6D1716C8A00026A7AE /* APSDataManager+UEC.m in Sources */,
				05C18F461717892600CA2430 /* UECAboutAppViewController.m in Sources */,
				0592D83E17178FB500DB83C8 /* UECVersionInfoViewController.m in Sources */,
				052E749D180AA059008EA4E8 /* UECThemeResources.m in Sources */,
				05B9423E1717F85D00A100A1 /* Event.m in Sources */,
				05B942441717F85E00A100A1 /* Person.m in Sources */,
				05B942471717F85E00A100A1 /* NewsArticle.m in Sources */,
				05B9424A1717F85E00A100A1 /* Torque.m in Sources */,
				05B9424D1717F85E00A100A1 /* Sponsor.m in Sources */,
			);
			runOnlyForDeploymentPostprocessing = 0;
		};
		0542FAC916C2A85A00B327B7 /* Sources */ = {
			isa = PBXSourcesBuildPhase;
			buildActionMask = 2147483647;
			files = (
				058B12EA180A68E8002BFE55 /* AFHTTPRequestOperation.m in Sources */,
				0542FADD16C2A85A00B327B7 /* UECTests.m in Sources */,
				058B12EC180A68E8002BFE55 /* AFHTTPRequestOperationManager.m in Sources */,
				058B12F0180A68E8002BFE55 /* AFNetworkReachabilityManager.m in Sources */,
				058B12F8180A68E8002BFE55 /* AFURLResponseSerialization.m in Sources */,
				052E74A2180AA384008EA4E8 /* UECNavigationBar.m in Sources */,
				058B12F4180A68E8002BFE55 /* AFURLConnectionOperation.m in Sources */,
				058B12F2180A68E8002BFE55 /* AFSecurityPolicy.m in Sources */,
				058B12EE180A68E8002BFE55 /* AFHTTPSessionManager.m in Sources */,
				05517267180AB68A004F94C6 /* UECMediaCaptureManager.m in Sources */,
				058B12F6180A68E8002BFE55 /* AFURLRequestSerialization.m in Sources */,
				052E749E180AA059008EA4E8 /* UECThemeResources.m in Sources */,
				058B12FA180A68E8002BFE55 /* AFURLSessionManager.m in Sources */,
				052E74A6180AA615008EA4E8 /* UECMailManager.m in Sources */,
				05FDB28016F0B5C0008DAA8A /* UECThemeManager.m in Sources */,
			);
			runOnlyForDeploymentPostprocessing = 0;
		};
/* End PBXSourcesBuildPhase section */

/* Begin PBXTargetDependency section */
		0542FAD416C2A85A00B327B7 /* PBXTargetDependency */ = {
			isa = PBXTargetDependency;
			target = 0542FA9916C2A85A00B327B7 /* UEC */;
			targetProxy = 0542FAD316C2A85A00B327B7 /* PBXContainerItemProxy */;
		};
/* End PBXTargetDependency section */

/* Begin PBXVariantGroup section */
		0542FAA616C2A85A00B327B7 /* InfoPlist.strings */ = {
			isa = PBXVariantGroup;
			children = (
				0542FAA716C2A85A00B327B7 /* en */,
			);
			name = InfoPlist.strings;
			sourceTree = "<group>";
		};
		0542FAB516C2A85A00B327B7 /* MainStoryboard_iPhone.storyboard */ = {
			isa = PBXVariantGroup;
			children = (
				0542FAB616C2A85A00B327B7 /* en */,
			);
			name = MainStoryboard_iPhone.storyboard;
			sourceTree = "<group>";
		};
		0542FAB816C2A85A00B327B7 /* MainStoryboard_iPad.storyboard */ = {
			isa = PBXVariantGroup;
			children = (
				0542FAB916C2A85A00B327B7 /* en */,
			);
			name = MainStoryboard_iPad.storyboard;
			sourceTree = "<group>";
		};
		0542FAD816C2A85A00B327B7 /* InfoPlist.strings */ = {
			isa = PBXVariantGroup;
			children = (
				0542FAD916C2A85A00B327B7 /* en */,
			);
			name = InfoPlist.strings;
			sourceTree = "<group>";
		};
/* End PBXVariantGroup section */

/* Begin XCBuildConfiguration section */
		0542FADE16C2A85A00B327B7 /* Debug */ = {
			isa = XCBuildConfiguration;
			buildSettings = {
				ALWAYS_SEARCH_USER_PATHS = NO;
				CLANG_CXX_LANGUAGE_STANDARD = "gnu++0x";
				CLANG_CXX_LIBRARY = "libc++";
				CLANG_ENABLE_OBJC_ARC = YES;
				CLANG_WARN_CONSTANT_CONVERSION = YES;
				CLANG_WARN_EMPTY_BODY = YES;
				CLANG_WARN_ENUM_CONVERSION = YES;
				CLANG_WARN_INT_CONVERSION = YES;
				CLANG_WARN__DUPLICATE_METHOD_MATCH = YES;
				"CODE_SIGN_IDENTITY[sdk=iphoneos*]" = "iPhone Developer";
				COPY_PHASE_STRIP = NO;
				GCC_C_LANGUAGE_STANDARD = gnu99;
				GCC_DYNAMIC_NO_PIC = NO;
				GCC_OPTIMIZATION_LEVEL = 0;
				GCC_PREPROCESSOR_DEFINITIONS = (
					"DEBUG=1",
					"$(inherited)",
				);
				GCC_SYMBOLS_PRIVATE_EXTERN = NO;
				GCC_WARN_ABOUT_RETURN_TYPE = YES;
				GCC_WARN_UNINITIALIZED_AUTOS = YES;
				GCC_WARN_UNUSED_VARIABLE = YES;
				IPHONEOS_DEPLOYMENT_TARGET = 7.0;
				ONLY_ACTIVE_ARCH = YES;
				SDKROOT = iphoneos;
				TARGETED_DEVICE_FAMILY = "1,2";
			};
			name = Debug;
		};
		0542FADF16C2A85A00B327B7 /* Release */ = {
			isa = XCBuildConfiguration;
			buildSettings = {
				ALWAYS_SEARCH_USER_PATHS = NO;
				CLANG_CXX_LANGUAGE_STANDARD = "gnu++0x";
				CLANG_CXX_LIBRARY = "libc++";
				CLANG_ENABLE_OBJC_ARC = YES;
				CLANG_WARN_CONSTANT_CONVERSION = YES;
				CLANG_WARN_EMPTY_BODY = YES;
				CLANG_WARN_ENUM_CONVERSION = YES;
				CLANG_WARN_INT_CONVERSION = YES;
				CLANG_WARN__DUPLICATE_METHOD_MATCH = YES;
				"CODE_SIGN_IDENTITY[sdk=iphoneos*]" = "iPhone Developer";
				COPY_PHASE_STRIP = YES;
				GCC_C_LANGUAGE_STANDARD = gnu99;
				GCC_WARN_ABOUT_RETURN_TYPE = YES;
				GCC_WARN_UNINITIALIZED_AUTOS = YES;
				GCC_WARN_UNUSED_VARIABLE = YES;
				IPHONEOS_DEPLOYMENT_TARGET = 7.0;
				OTHER_CFLAGS = "-DNS_BLOCK_ASSERTIONS=1";
				SDKROOT = iphoneos;
				TARGETED_DEVICE_FAMILY = "1,2";
				VALIDATE_PRODUCT = YES;
			};
			name = Release;
		};
		0542FAE116C2A85A00B327B7 /* Debug */ = {
			isa = XCBuildConfiguration;
			buildSettings = {
				ALWAYS_SEARCH_USER_PATHS = YES;
				ASSETCATALOG_COMPILER_APPICON_NAME = AppIcon;
				ASSETCATALOG_COMPILER_LAUNCHIMAGE_NAME = LaunchImage;
				CODE_SIGN_IDENTITY = "iPhone Developer";
				"CODE_SIGN_IDENTITY[sdk=iphoneos*]" = "iPhone Developer";
				FRAMEWORK_SEARCH_PATHS = (
					"$(inherited)",
					"/Users/Jad/Development/Appulse/UEC-iOS",
				);
				GCC_PRECOMPILE_PREFIX_HEADER = YES;
				GCC_PREFIX_HEADER = "UEC/UEC-Prefix.pch";
				GCC_PREPROCESSOR_DEFINITIONS = (
					"DEBUG=1",
					"$(inherited)",
					LOCAL_DATA,
				);
				GCC_PREPROCESSOR_DEFINITIONS_NOT_USED_IN_PRECOMPS = "";
				INFOPLIST_FILE = "UEC/UEC-Info.plist";
				IPHONEOS_DEPLOYMENT_TARGET = 7.0;
				LIBRARY_SEARCH_PATHS = (
					"$(inherited)",
					"/Users/Jad/Development/Appulse/UEC-iOS/TestFlightSDK1.2.4",
				);
				OTHER_LDFLAGS = "-ObjC";
				PRODUCT_NAME = "$(TARGET_NAME)";
				PROVISIONING_PROFILE = "F2EA5B9C-76CD-4664-B77E-5D87A75A96D1";
				"PROVISIONING_PROFILE[sdk=iphoneos*]" = "F2EA5B9C-76CD-4664-B77E-5D87A75A96D1";
				TARGETED_DEVICE_FAMILY = 1;
				USER_HEADER_SEARCH_PATHS = "";
				WRAPPER_EXTENSION = app;
			};
			name = Debug;
		};
		0542FAE216C2A85A00B327B7 /* Release */ = {
			isa = XCBuildConfiguration;
			buildSettings = {
				ALWAYS_SEARCH_USER_PATHS = YES;
				ASSETCATALOG_COMPILER_APPICON_NAME = AppIcon;
				ASSETCATALOG_COMPILER_LAUNCHIMAGE_NAME = LaunchImage;
				CODE_SIGN_IDENTITY = "iPhone Developer";
				"CODE_SIGN_IDENTITY[sdk=iphoneos*]" = "iPhone Developer";
				FRAMEWORK_SEARCH_PATHS = (
					"$(inherited)",
					"/Users/Jad/Development/Appulse/UEC-iOS",
				);
				GCC_PRECOMPILE_PREFIX_HEADER = YES;
				GCC_PREFIX_HEADER = "UEC/UEC-Prefix.pch";
				GCC_PREPROCESSOR_DEFINITIONS_NOT_USED_IN_PRECOMPS = "";
				INFOPLIST_FILE = "UEC/UEC-Info.plist";
				IPHONEOS_DEPLOYMENT_TARGET = 7.0;
				LIBRARY_SEARCH_PATHS = (
					"$(inherited)",
					"/Users/Jad/Development/Appulse/UEC-iOS/TestFlightSDK1.2.4",
				);
				OTHER_LDFLAGS = "-ObjC";
				PRODUCT_NAME = "$(TARGET_NAME)";
				PROVISIONING_PROFILE = "66F14C2B-874A-43CB-B6CD-6694FA0AF602";
				"PROVISIONING_PROFILE[sdk=iphoneos*]" = "66F14C2B-874A-43CB-B6CD-6694FA0AF602";
				TARGETED_DEVICE_FAMILY = 1;
				USER_HEADER_SEARCH_PATHS = "";
				WRAPPER_EXTENSION = app;
			};
			name = Release;
		};
		0542FAE416C2A85A00B327B7 /* Debug */ = {
			isa = XCBuildConfiguration;
			buildSettings = {
				BUNDLE_LOADER = "$(BUILT_PRODUCTS_DIR)/UEC.app/UEC";
				FRAMEWORK_SEARCH_PATHS = (
					"\\\"$(SDKROOT)/Developer/Library/Frameworks\\\"",
					"\\\"$(DEVELOPER_LIBRARY_DIR)/Frameworks\\\"",
					"/Users/Jad/Development/Appulse/UEC-iOS",
				);
				GCC_PRECOMPILE_PREFIX_HEADER = YES;
				GCC_PREFIX_HEADER = "UEC/UEC-Prefix.pch";
				INFOPLIST_FILE = "UECTests/UECTests-Info.plist";
				LIBRARY_SEARCH_PATHS = (
					"$(inherited)",
					"/Users/Jad/Development/Appulse/UEC-iOS/TestFlight",
					"/Users/Jad/Development/Appulse/UEC-iOS/TestFlightSDK1.2.4",
				);
				PRODUCT_NAME = "$(TARGET_NAME)";
				TEST_HOST = "$(BUNDLE_LOADER)";
				WRAPPER_EXTENSION = octest;
			};
			name = Debug;
		};
		0542FAE516C2A85A00B327B7 /* Release */ = {
			isa = XCBuildConfiguration;
			buildSettings = {
				BUNDLE_LOADER = "$(BUILT_PRODUCTS_DIR)/UEC.app/UEC";
				FRAMEWORK_SEARCH_PATHS = (
					"\\\"$(SDKROOT)/Developer/Library/Frameworks\\\"",
					"\\\"$(DEVELOPER_LIBRARY_DIR)/Frameworks\\\"",
					"/Users/Jad/Development/Appulse/UEC-iOS",
				);
				GCC_PRECOMPILE_PREFIX_HEADER = YES;
				GCC_PREFIX_HEADER = "UEC/UEC-Prefix.pch";
				INFOPLIST_FILE = "UECTests/UECTests-Info.plist";
				LIBRARY_SEARCH_PATHS = (
					"$(inherited)",
					"/Users/Jad/Development/Appulse/UEC-iOS/TestFlight",
					"/Users/Jad/Development/Appulse/UEC-iOS/TestFlightSDK1.2.4",
				);
				PRODUCT_NAME = "$(TARGET_NAME)";
				TEST_HOST = "$(BUNDLE_LOADER)";
				WRAPPER_EXTENSION = octest;
			};
			name = Release;
		};
/* End XCBuildConfiguration section */

/* Begin XCConfigurationList section */
		0542FA9516C2A85A00B327B7 /* Build configuration list for PBXProject "UEC" */ = {
			isa = XCConfigurationList;
			buildConfigurations = (
				0542FADE16C2A85A00B327B7 /* Debug */,
				0542FADF16C2A85A00B327B7 /* Release */,
			);
			defaultConfigurationIsVisible = 0;
			defaultConfigurationName = Release;
		};
		0542FAE016C2A85A00B327B7 /* Build configuration list for PBXNativeTarget "UEC" */ = {
			isa = XCConfigurationList;
			buildConfigurations = (
				0542FAE116C2A85A00B327B7 /* Debug */,
				0542FAE216C2A85A00B327B7 /* Release */,
			);
			defaultConfigurationIsVisible = 0;
			defaultConfigurationName = Release;
		};
		0542FAE316C2A85A00B327B7 /* Build configuration list for PBXNativeTarget "UECTests" */ = {
			isa = XCConfigurationList;
			buildConfigurations = (
				0542FAE416C2A85A00B327B7 /* Debug */,
				0542FAE516C2A85A00B327B7 /* Release */,
			);
			defaultConfigurationIsVisible = 0;
			defaultConfigurationName = Release;
		};
/* End XCConfigurationList section */

/* Begin XCVersionGroup section */
		0559110B16C3CACB00BF14D2 /* UEC.xcdatamodeld */ = {
			isa = XCVersionGroup;
			children = (
				05E59FEF16F9F52C0016B8AE /* UEC 5.xcdatamodel */,
				0507189316CA971300208110 /* UEC 4.xcdatamodel */,
				05F9179616C7A49D00B1BCE1 /* UEC 3.xcdatamodel */,
				051D2D4F16C565E100C042FE /* UEC 2.xcdatamodel */,
				0559110C16C3CACB00BF14D2 /* UEC.xcdatamodel */,
			);
			currentVersion = 05E59FEF16F9F52C0016B8AE /* UEC 5.xcdatamodel */;
			path = UEC.xcdatamodeld;
			sourceTree = "<group>";
			versionGroupType = wrapper.xcdatamodel;
		};
/* End XCVersionGroup section */
	};
	rootObject = 0542FA9216C2A85A00B327B7 /* Project object */;
}
